// !$*UTF8*$!
{
	archiveVersion = 1;
	classes = {
	};
	objectVersion = 46;
	objects = {

/* Begin PBXBuildFile section */
		0044934BE2AD4264A468A71E /* CDVWKInAppBrowserUIDelegate.m in Sources */ = {isa = PBXBuildFile; fileRef = 19757814DBCA4DE99AA6792F /* CDVWKInAppBrowserUIDelegate.m */; };
		0207DA581B56EA530066E2B4 /* Images.xcassets in Resources */ = {isa = PBXBuildFile; fileRef = 0207DA571B56EA530066E2B4 /* Images.xcassets */; };
		025C2563FC67439481CF39A3 /* libz.tbd in Frameworks */ = {isa = PBXBuildFile; fileRef = 0C49B4EEF939434780595002 /* libz.tbd */; settings = {ATTRIBUTES = (Weak, ); }; };
		04E70B3195E84812A33585E1 /* CDVFile.m in Sources */ = {isa = PBXBuildFile; fileRef = 84304D9EDF73447ABCA1A5CB /* CDVFile.m */; };
		08B100B53B6F4BBBB1D39389 /* TZVideoPlayerController.m in Sources */ = {isa = PBXBuildFile; fileRef = 4D5D2207ED2E4D9D971C7631 /* TZVideoPlayerController.m */; };
		08DA955EEBDD41D2A7DACEE2 /* CoreLocation.framework in Frameworks */ = {isa = PBXBuildFile; fileRef = C44B6B1CCDB54094B5C49C1B /* CoreLocation.framework */; };
		0931A778CBF343B6AF8BB550 /* SystemConfiguration.framework in Frameworks */ = {isa = PBXBuildFile; fileRef = 447F19F0F6FB4250B7EC506A /* SystemConfiguration.framework */; };
		0BA1A3248CAA44A3A95EBAAC /* CDVAssetLibraryFilesystem.m in Sources */ = {isa = PBXBuildFile; fileRef = A066CC777A3642FAB5C54F49 /* CDVAssetLibraryFilesystem.m */; };
		0F524213B33C47688DA85E82 /* CDVWKWebViewFileXhr.m in Sources */ = {isa = PBXBuildFile; fileRef = D7646473BB984F3AABBD3856 /* CDVWKWebViewFileXhr.m */; };
		12AAA0017E9248B9B993C5EA /* CDVViewController+SplashScreen.m in Sources */ = {isa = PBXBuildFile; fileRef = 7D359EB5AC0049F19F793B10 /* CDVViewController+SplashScreen.m */; };
		13A00B57DA6F4317ADC1F86C /* TZImageManager.m in Sources */ = {isa = PBXBuildFile; fileRef = 14015C72CFA14596973B0FC5 /* TZImageManager.m */; };
		15B1D7DE7D6C495FA9BCBB6C /* UIKit.framework in Frameworks */ = {isa = PBXBuildFile; fileRef = 2BA241B2AC484F8BA8B0D6C2 /* UIKit.framework */; settings = {ATTRIBUTES = (Weak, ); }; };
		19DA801B53ED4DBB8A11D28E /* CDVConnection.m in Sources */ = {isa = PBXBuildFile; fileRef = 25F3B20B8A4648C1A4DBCDCA /* CDVConnection.m */; };
		1B01496FE2884B8A9BDDCBC0 /* TZGifPhotoPreviewController.m in Sources */ = {isa = PBXBuildFile; fileRef = DAF4C0D397A94328BC5E44AF /* TZGifPhotoPreviewController.m */; };
		1D3623260D0F684500981E51 /* AppDelegate.m in Sources */ = {isa = PBXBuildFile; fileRef = 1D3623250D0F684500981E51 /* AppDelegate.m */; };
		1D60589B0D05DD56006BFB54 /* main.m in Sources */ = {isa = PBXBuildFile; fileRef = 29B97316FDCFA39411CA2CEA /* main.m */; };
		1DDA2D896A774C7492607EBE /* FileOpener2.m in Sources */ = {isa = PBXBuildFile; fileRef = 97303D74E4ED4AE5B512EB2E /* FileOpener2.m */; };
		1DF41DCFB1CD4F8E8E5FCD5F /* CDVLocalFilesystem.m in Sources */ = {isa = PBXBuildFile; fileRef = 3F832EAB29384122ACCD3A10 /* CDVLocalFilesystem.m */; };
		28EDE21999CC4176AD1E6F40 /* ExternalAccessory.framework in Frameworks */ = {isa = PBXBuildFile; fileRef = 9CD46F3ADD1448998A270B7B /* ExternalAccessory.framework */; };
		2A1A29161E3646DC80F5A29A /* UIImage+CropScaleOrientation.m in Sources */ = {isa = PBXBuildFile; fileRef = FFEE401714BC4B5B86356D93 /* UIImage+CropScaleOrientation.m */; };
		2B3C5958DC3C4B928110D4B8 /* UIImage+Luban_iOS_Extension_h.m in Sources */ = {isa = PBXBuildFile; fileRef = D84437D24DA84D8FA196B8FA /* UIImage+Luban_iOS_Extension_h.m */; };
		2F826C740A8A4047B0F83250 /* CDVBarcodeScanner.bundle in Resources */ = {isa = PBXBuildFile; fileRef = 17D0F0956A7A48AE9A7C3734 /* CDVBarcodeScanner.bundle */; };
		301BF552109A68D80062928A /* libCordova.a in Frameworks */ = {isa = PBXBuildFile; fileRef = 301BF535109A57CC0062928A /* libCordova.a */; settings = {ATTRIBUTES = (Required, ); }; };
		302D95F114D2391D003F00A1 /* MainViewController.m in Sources */ = {isa = PBXBuildFile; fileRef = 302D95EF14D2391D003F00A1 /* MainViewController.m */; };
		302D95F214D2391D003F00A1 /* MainViewController.xib in Resources */ = {isa = PBXBuildFile; fileRef = 302D95F014D2391D003F00A1 /* MainViewController.xib */; };
		31DC85AF026B472D99C8AAA2 /* CDVWKProcessPoolFactory.m in Sources */ = {isa = PBXBuildFile; fileRef = 538038158CF84AEA9D4AE146 /* CDVWKProcessPoolFactory.m */; };
		32C87C62806F4379874DAFAA /* AppVersion.m in Sources */ = {isa = PBXBuildFile; fileRef = 2A934D7B6C544011A64EB859 /* AppVersion.m */; };
		32D74DC67D8744E2929F874B /* CoreFoundation.framework in Frameworks */ = {isa = PBXBuildFile; fileRef = 45A29352322F4213A7F7704F /* CoreFoundation.framework */; settings = {ATTRIBUTES = (Weak, ); }; };
		3F400F2F9C094006B5503D3D /* AVFoundation.framework in Frameworks */ = {isa = PBXBuildFile; fileRef = 34D524897A104E439AB52384 /* AVFoundation.framework */; };
		4514A1E270084EA582FF4655 /* libsqlite3.0.tbd in Frameworks */ = {isa = PBXBuildFile; fileRef = 00A9D84DB67D4FC5AD3DA0F5 /* libsqlite3.0.tbd */; };
		4588EAF5465C44588693D796 /* AMapFoundationKit.framework in Frameworks */ = {isa = PBXBuildFile; fileRef = D5F7A8CFF07A4C409129C8BD /* AMapFoundationKit.framework */; };
		46AD7D61020940EB9CFC1241 /* Foundation.framework in Frameworks */ = {isa = PBXBuildFile; fileRef = 73C14AEDC67E444FB489D220 /* Foundation.framework */; settings = {ATTRIBUTES = (Weak, ); }; };
		5D6220BFB9AB419F86142C07 /* AudioToolbox.framework in Frameworks */ = {isa = PBXBuildFile; fileRef = 382508D9044F4E7B8C99C905 /* AudioToolbox.framework */; };
		5DBF0109FEB742DD89BE7BA4 /* CDVJpegHeaderWriter.m in Sources */ = {isa = PBXBuildFile; fileRef = D6CB52CEAA6E48619ABEF0B2 /* CDVJpegHeaderWriter.m */; };
		64C20207DAC34CFCA1383E82 /* CoreTelephony.framework in Frameworks */ = {isa = PBXBuildFile; fileRef = BE16C68280594D078D36C87A /* CoreTelephony.framework */; };
		66B048366F6F4DAF8EF7F899 /* CDVSplashScreen.m in Sources */ = {isa = PBXBuildFile; fileRef = 1F247745BC0144A49581C9A0 /* CDVSplashScreen.m */; };
		69456D04DAE14EF0BE91BA7B /* AdSupport.framework in Frameworks */ = {isa = PBXBuildFile; fileRef = 6F6923C487B24CD9A1418B92 /* AdSupport.framework */; };
		6AFF5BF91D6E424B00AB3073 /* CDVLaunchScreen.storyboard in Resources */ = {isa = PBXBuildFile; fileRef = 6AFF5BF81D6E424B00AB3073 /* CDVLaunchScreen.storyboard */; };
		6DB3DD6FC98B4D19A2069208 /* CDVInAppBrowserOptions.m in Sources */ = {isa = PBXBuildFile; fileRef = 3E404A3BD5CB4A78B623EBED /* CDVInAppBrowserOptions.m */; };
		72D021B751BD4E05B7AFC9C7 /* GLKit.framework in Frameworks */ = {isa = PBXBuildFile; fileRef = 97957697066D449886985C13 /* GLKit.framework */; };
		78A79DDD703445ABAE6D3678 /* TZImageRequestOperation.m in Sources */ = {isa = PBXBuildFile; fileRef = D0C1DCAD9D724D12986F7D5D /* TZImageRequestOperation.m */; };
		7920D2E3C6B1448BA2D3138F /* WebKit.framework in Frameworks */ = {isa = PBXBuildFile; fileRef = 06D28F33F9E14229A38CF93C /* WebKit.framework */; settings = {ATTRIBUTES = (Weak, ); }; };
		7CCA9B87953541A5AA65AAB3 /* JPushConfig.plist in Resources */ = {isa = PBXBuildFile; fileRef = A6FC03A3F2DD46AF81CB68FB /* JPushConfig.plist */; };
		8319D5AD496D4B00BCA47A4B /* TZAssetModel.m in Sources */ = {isa = PBXBuildFile; fileRef = AF7633ECBB4349E38B0C1763 /* TZAssetModel.m */; };
		8C1E176E0C7D4DF7B460D772 /* CDVDevice.m in Sources */ = {isa = PBXBuildFile; fileRef = 39A3E00C2E144C6ABD49DC2A /* CDVDevice.m */; };
		8EACFA74C6D64F48B72213C8 /* CDVWKInAppBrowser.m in Sources */ = {isa = PBXBuildFile; fileRef = 47396A7B09154CFF9ED9F11A /* CDVWKInAppBrowser.m */; };
		95D690AF82A74B2F96AC594A /* BMKLocationKit.framework in Frameworks */ = {isa = PBXBuildFile; fileRef = 985F4076BF804EA7AC49A7A9 /* BMKLocationKit.framework */; };
		962185ECD75A45BD8EB76BFB /* JPushPlugin.m in Sources */ = {isa = PBXBuildFile; fileRef = 01C74C34F9F1493699AC8459 /* JPushPlugin.m */; };
		97411E6D1DFC40B1ACD80212 /* CDVStatusBar.m in Sources */ = {isa = PBXBuildFile; fileRef = 6E1FED408988432F96E31079 /* CDVStatusBar.m */; };
		97710D4CEC924055AB2C3260 /* GaoDeLocation.m in Sources */ = {isa = PBXBuildFile; fileRef = C7CD360D081C49ABB12DA5AD /* GaoDeLocation.m */; };
		97A5C8A1E832404480B31EBB /* libssl.a in Frameworks */ = {isa = PBXBuildFile; fileRef = E8F4B0ADE2B14FBE9A860B6B /* libssl.a */; };
		98C238A05A714C9E9FD1F6E8 /* CDVCamera.m in Sources */ = {isa = PBXBuildFile; fileRef = 473364343E444CA1B8C0A40A /* CDVCamera.m */; };
		9BF18AEF9706497F8FE9AC50 /* TZTestCell.m in Sources */ = {isa = PBXBuildFile; fileRef = D0EF9448D0904BE2A52DC2C9 /* TZTestCell.m */; };
		9D94D2A415FF4AAE965B464F /* TZPhotoPickerController.m in Sources */ = {isa = PBXBuildFile; fileRef = 98E8D28AD7F0416EBB2717B0 /* TZPhotoPickerController.m */; };
		9E22E4DCCBEA42A3AE5A34AE /* TZPhotoPreviewController.m in Sources */ = {isa = PBXBuildFile; fileRef = D65E1C91662B4CA9BB6C3DAD /* TZPhotoPreviewController.m */; };
		9F480621752041E89F895D98 /* CDVKeyboard.m in Sources */ = {isa = PBXBuildFile; fileRef = 8742A25DC5154D7FBB136EAE /* CDVKeyboard.m */; };
		9FBDA59A3D6E4A3ABECC5488 /* libcrypto.a in Frameworks */ = {isa = PBXBuildFile; fileRef = BC7DC9BBD2B44A60AF6A3BDC /* libcrypto.a */; };
		A1413560625347DB9950D622 /* libc++.tbd in Frameworks */ = {isa = PBXBuildFile; fileRef = 57C075D3F1FA49BDABF12578 /* libc++.tbd */; };
		A554A434E2934900B45FF532 /* CDVFileTransfer.m in Sources */ = {isa = PBXBuildFile; fileRef = 1013C91436B3408087E588E1 /* CDVFileTransfer.m */; };
		A6317B8B162A41279131A5F9 /* NSBundle+TZImagePicker.m in Sources */ = {isa = PBXBuildFile; fileRef = E0FA986864EB47ADAC48BFCB /* NSBundle+TZImagePicker.m */; };
		A7F98A333B4841BDB2299B25 /* AMapLocationKit.framework in Frameworks */ = {isa = PBXBuildFile; fileRef = EDE0152D005248E486BB5019 /* AMapLocationKit.framework */; };
		AA7CCEA330CD490E956264F8 /* TZImagePickerController.bundle in Resources */ = {isa = PBXBuildFile; fileRef = 62B29BB0A5544D0EA94FF033 /* TZImagePickerController.bundle */; };
		AC4AC3F30E004ACCB63D46F5 /* CDVLocation.m in Sources */ = {isa = PBXBuildFile; fileRef = 545C29245E3E4A33827CF30D /* CDVLocation.m */; };
		AD47FECC349D4E6A8D727145 /* CDVBarcodeScanner.mm in Sources */ = {isa = PBXBuildFile; fileRef = 33BDCAB97067463C90840045 /* CDVBarcodeScanner.mm */; };
		ADC4EB01554E49419E0A693A /* LxGridViewFlowLayout.m in Sources */ = {isa = PBXBuildFile; fileRef = 6DF84D0A9B4F4173ABC6B16F /* LxGridViewFlowLayout.m */; };
		B1CD090A0CFF449B969F554D /* Launcher.m in Sources */ = {isa = PBXBuildFile; fileRef = F7B2E1B4771745FDB8C3EFBA /* Launcher.m */; };
		B20BEEC3443A4E8CAB63BD2D /* CDVReachability.m in Sources */ = {isa = PBXBuildFile; fileRef = 36BD59F4C1754B60AC511678 /* CDVReachability.m */; };
		B30F6153D44C442DBEFD3E90 /* jcore-ios-2.7.1.a in Frameworks */ = {isa = PBXBuildFile; fileRef = 48086176377D4C58B82153BE /* jcore-ios-2.7.1.a */; };
		B575CC0D84334A3FB1CC7252 /* libresolv.tbd in Frameworks */ = {isa = PBXBuildFile; fileRef = 8B458F71E47149FBAF82B9F5 /* libresolv.tbd */; settings = {ATTRIBUTES = (Weak, ); }; };
		B8738734B6ED4A8096072012 /* AppDelegate+JPush.m in Sources */ = {isa = PBXBuildFile; fileRef = 539AA6EF4562407B9B9D0B75 /* AppDelegate+JPush.m */; };
		B8B3F45CD1D246FFAAF9D522 /* TZImagePickerController.m in Sources */ = {isa = PBXBuildFile; fileRef = 742C8B5D9A10486A9FDD5B67 /* TZImagePickerController.m */; };
		B961D67EDE7E431A87DF4929 /* UserNotifications.framework in Frameworks */ = {isa = PBXBuildFile; fileRef = F71FF8921DA14525951D131C /* UserNotifications.framework */; settings = {ATTRIBUTES = (Weak, ); }; };
		BBF31A1218884E9B8E11467F /* scannerOverlay.xib in Resources */ = {isa = PBXBuildFile; fileRef = CB767B6BEDD64B60B47514BD /* scannerOverlay.xib */; };
		C138885552DA42ED855C81A9 /* CDVWKWebViewEngine.m in Sources */ = {isa = PBXBuildFile; fileRef = 58029FA979E24A159DDCC497 /* CDVWKWebViewEngine.m */; };
		C3E62DE2634649BC81D8FE92 /* Security.framework in Frameworks */ = {isa = PBXBuildFile; fileRef = 009D1BF0459241ACA858AE32 /* Security.framework */; settings = {ATTRIBUTES = (Weak, ); }; };
		C450487A399D43349C130873 /* ImagePickerMain.m in Sources */ = {isa = PBXBuildFile; fileRef = 0EF638A1EAD848F0B691DBCE /* ImagePickerMain.m */; };
		CB866337BFC54D3385358B53 /* TZAssetCell.m in Sources */ = {isa = PBXBuildFile; fileRef = 2FADCFC918D04045AEECF2A3 /* TZAssetCell.m */; };
		E142C08B1A524370BF260DB9 /* CFNetwork.framework in Frameworks */ = {isa = PBXBuildFile; fileRef = 5D4F6D4572674CAAB912D459 /* CFNetwork.framework */; settings = {ATTRIBUTES = (Weak, ); }; };
		E272939A010B4108946A7016 /* CDVWKWebViewUIDelegate.m in Sources */ = {isa = PBXBuildFile; fileRef = D8DAEB2D8AF14A4EB5FB54C3 /* CDVWKWebViewUIDelegate.m */; };
		E611AF15DAEC4B62A368356A /* TZLocationManager.m in Sources */ = {isa = PBXBuildFile; fileRef = 83C1C51F7B424E82916A3304 /* TZLocationManager.m */; };
		EC4E96EBCCF749A48EC61404 /* UIView+Layout.m in Sources */ = {isa = PBXBuildFile; fileRef = C5F09CCB249642D588644741 /* UIView+Layout.m */; };
		ECC9A7CABAEF4BADA92AA885 /* StoreKit.framework in Frameworks */ = {isa = PBXBuildFile; fileRef = D9C0517837DE4C28824FEBFC /* StoreKit.framework */; settings = {ATTRIBUTES = (Weak, ); }; };
		F2748A5BCC574A2F828F399A /* ImageIO.framework in Frameworks */ = {isa = PBXBuildFile; fileRef = A65F633372A0470DB46D0C45 /* ImageIO.framework */; settings = {ATTRIBUTES = (Weak, ); }; };
		F2BE4E290BB94405AF4EC557 /* jpush-ios-3.7.4.a in Frameworks */ = {isa = PBXBuildFile; fileRef = A58F953E064E459880668C85 /* jpush-ios-3.7.4.a */; };
		F50414031487452FBB53C0B1 /* TZPhotoPreviewCell.m in Sources */ = {isa = PBXBuildFile; fileRef = 81AB90418BCA46B198174DB5 /* TZPhotoPreviewCell.m */; };
		F52501DF2D53425CA67442C4 /* TZImageCropManager.m in Sources */ = {isa = PBXBuildFile; fileRef = B4F56143E6494D748BA94A71 /* TZImageCropManager.m */; };
		F86D74E7E147490DB9F88068 /* CDVInAppBrowserNavigationController.m in Sources */ = {isa = PBXBuildFile; fileRef = B1906F9A34584BAE9EF6CA60 /* CDVInAppBrowserNavigationController.m */; };
		FE52FD1B16974809B68EBB98 /* TZProgressView.m in Sources */ = {isa = PBXBuildFile; fileRef = 93BED9D9CC1A47A18BC3D07E /* TZProgressView.m */; };
		FE73354969CA479498FA7E8D /* BaiduMapLocation.mm in Sources */ = {isa = PBXBuildFile; fileRef = 10AFA04894B74347B6EADC3E /* BaiduMapLocation.mm */; };
/* End PBXBuildFile section */

/* Begin PBXContainerItemProxy section */
		301BF534109A57CC0062928A /* PBXContainerItemProxy */ = {
			isa = PBXContainerItemProxy;
			containerPortal = 301BF52D109A57CC0062928A /* CordovaLib.xcodeproj */;
			proxyType = 2;
			remoteGlobalIDString = D2AAC07E0554694100DB518D;
			remoteInfo = CordovaLib;
		};
		301BF550109A68C00062928A /* PBXContainerItemProxy */ = {
			isa = PBXContainerItemProxy;
			containerPortal = 301BF52D109A57CC0062928A /* CordovaLib.xcodeproj */;
			proxyType = 1;
			remoteGlobalIDString = D2AAC07D0554694100DB518D;
			remoteInfo = CordovaLib;
		};
		907D8123214C687600058A10 /* PBXContainerItemProxy */ = {
			isa = PBXContainerItemProxy;
			containerPortal = 301BF52D109A57CC0062928A /* CordovaLib.xcodeproj */;
			proxyType = 2;
			remoteGlobalIDString = C0C01EB21E3911D50056E6CB;
			remoteInfo = Cordova;
		};
/* End PBXContainerItemProxy section */

/* Begin PBXFileReference section */
		009D1BF0459241ACA858AE32 /* Security.framework */ = {isa = PBXFileReference; explicitFileType = undefined; fileEncoding = 9; includeInIndex = 0; lastKnownFileType = wrapper.framework; name = Security.framework; path = System/Library/Frameworks/Security.framework; sourceTree = SDKROOT; };
		00A9D84DB67D4FC5AD3DA0F5 /* libsqlite3.0.tbd */ = {isa = PBXFileReference; explicitFileType = undefined; fileEncoding = 9; includeInIndex = 0; lastKnownFileType = "sourcecode.text-based-dylib-definition"; name = libsqlite3.0.tbd; path = usr/lib/libsqlite3.0.tbd; sourceTree = SDKROOT; };
		01329B1AE54F4B4F99706768 /* CDVWKWebViewUIDelegate.h */ = {isa = PBXFileReference; explicitFileType = undefined; fileEncoding = 4; includeInIndex = 0; lastKnownFileType = sourcecode.c.h; name = CDVWKWebViewUIDelegate.h; path = "cordova-plugin-wkwebview-engine/CDVWKWebViewUIDelegate.h"; sourceTree = "<group>"; };
		01C74C34F9F1493699AC8459 /* JPushPlugin.m */ = {isa = PBXFileReference; explicitFileType = undefined; fileEncoding = 4; includeInIndex = 0; lastKnownFileType = sourcecode.c.objc; name = JPushPlugin.m; path = "jpush-phonegap-plugin/JPushPlugin.m"; sourceTree = "<group>"; };
		0207DA571B56EA530066E2B4 /* Images.xcassets */ = {isa = PBXFileReference; lastKnownFileType = folder.assetcatalog; name = Images.xcassets; path = "智服云/Images.xcassets"; sourceTree = SOURCE_ROOT; };
		02CA44A73CBF43FBA1AB7EC2 /* NSBundle+TZImagePicker.h */ = {isa = PBXFileReference; explicitFileType = undefined; fileEncoding = 4; includeInIndex = 0; lastKnownFileType = sourcecode.c.h; name = "NSBundle+TZImagePicker.h"; path = "cordova-plugin-imagepicker/NSBundle+TZImagePicker.h"; sourceTree = "<group>"; };
		06C9D88E123B41F8BDBC8E5E /* TZImageManager.h */ = {isa = PBXFileReference; explicitFileType = undefined; fileEncoding = 4; includeInIndex = 0; lastKnownFileType = sourcecode.c.h; name = TZImageManager.h; path = "cordova-plugin-imagepicker/TZImageManager.h"; sourceTree = "<group>"; };
		06D28F33F9E14229A38CF93C /* WebKit.framework */ = {isa = PBXFileReference; explicitFileType = undefined; fileEncoding = 9; includeInIndex = 0; lastKnownFileType = wrapper.framework; name = WebKit.framework; path = System/Library/Frameworks/WebKit.framework; sourceTree = SDKROOT; };
		0712E40AF15F4550B3419863 /* TZPhotoPreviewController.h */ = {isa = PBXFileReference; explicitFileType = undefined; fileEncoding = 4; includeInIndex = 0; lastKnownFileType = sourcecode.c.h; name = TZPhotoPreviewController.h; path = "cordova-plugin-imagepicker/TZPhotoPreviewController.h"; sourceTree = "<group>"; };
		078B14C1580E4067964CD62B /* LxGridViewFlowLayout.h */ = {isa = PBXFileReference; explicitFileType = undefined; fileEncoding = 4; includeInIndex = 0; lastKnownFileType = sourcecode.c.h; name = LxGridViewFlowLayout.h; path = "cordova-plugin-imagepicker/LxGridViewFlowLayout.h"; sourceTree = "<group>"; };
		088347825EE04BFC8E665D54 /* CDVJpegHeaderWriter.h */ = {isa = PBXFileReference; explicitFileType = undefined; fileEncoding = 4; includeInIndex = 0; lastKnownFileType = sourcecode.c.h; name = CDVJpegHeaderWriter.h; path = "cordova-plugin-camera/CDVJpegHeaderWriter.h"; sourceTree = "<group>"; };
		08DF8BD609A744CB8A55C6CA /* CDVWKWebViewEngine.h */ = {isa = PBXFileReference; explicitFileType = undefined; fileEncoding = 4; includeInIndex = 0; lastKnownFileType = sourcecode.c.h; name = CDVWKWebViewEngine.h; path = "cordova-plugin-wkwebview-engine/CDVWKWebViewEngine.h"; sourceTree = "<group>"; };
		0C49B4EEF939434780595002 /* libz.tbd */ = {isa = PBXFileReference; explicitFileType = undefined; fileEncoding = 9; includeInIndex = 0; lastKnownFileType = "sourcecode.text-based-dylib-definition"; name = libz.tbd; path = usr/lib/libz.tbd; sourceTree = SDKROOT; };
		0C8F8DB47F4F4F9293D9309A /* CDVFile.h */ = {isa = PBXFileReference; explicitFileType = undefined; fileEncoding = 4; includeInIndex = 0; lastKnownFileType = sourcecode.c.h; name = CDVFile.h; path = "cordova-plugin-file/CDVFile.h"; sourceTree = "<group>"; };
		0E9D0AD995A9492DA4A9874E /* CDVWKWebViewFileXhr.h */ = {isa = PBXFileReference; explicitFileType = undefined; fileEncoding = 4; includeInIndex = 0; lastKnownFileType = sourcecode.c.h; name = CDVWKWebViewFileXhr.h; path = "cordova-plugin-wkwebview-file-xhr/CDVWKWebViewFileXhr.h"; sourceTree = "<group>"; };
		0EF638A1EAD848F0B691DBCE /* ImagePickerMain.m */ = {isa = PBXFileReference; explicitFileType = undefined; fileEncoding = 4; includeInIndex = 0; lastKnownFileType = sourcecode.c.objc; name = ImagePickerMain.m; path = "cordova-plugin-imagepicker/ImagePickerMain.m"; sourceTree = "<group>"; };
		1013C91436B3408087E588E1 /* CDVFileTransfer.m */ = {isa = PBXFileReference; explicitFileType = undefined; fileEncoding = 4; includeInIndex = 0; lastKnownFileType = sourcecode.c.objc; name = CDVFileTransfer.m; path = "cordova-plugin-file-transfer/CDVFileTransfer.m"; sourceTree = "<group>"; };
		10AFA04894B74347B6EADC3E /* BaiduMapLocation.mm */ = {isa = PBXFileReference; explicitFileType = undefined; fileEncoding = 9; includeInIndex = 0; lastKnownFileType = unknown; name = BaiduMapLocation.mm; path = "cordova-plugin-baidumaplocation/BaiduMapLocation.mm"; sourceTree = "<group>"; };
		13B5834D9482481FBA973938 /* TZImageRequestOperation.h */ = {isa = PBXFileReference; explicitFileType = undefined; fileEncoding = 4; includeInIndex = 0; lastKnownFileType = sourcecode.c.h; name = TZImageRequestOperation.h; path = "cordova-plugin-imagepicker/TZImageRequestOperation.h"; sourceTree = "<group>"; };
		14015C72CFA14596973B0FC5 /* TZImageManager.m */ = {isa = PBXFileReference; explicitFileType = undefined; fileEncoding = 4; includeInIndex = 0; lastKnownFileType = sourcecode.c.objc; name = TZImageManager.m; path = "cordova-plugin-imagepicker/TZImageManager.m"; sourceTree = "<group>"; };
		17D0F0956A7A48AE9A7C3734 /* CDVBarcodeScanner.bundle */ = {isa = PBXFileReference; explicitFileType = undefined; fileEncoding = 9; includeInIndex = 0; lastKnownFileType = "wrapper.plug-in"; path = CDVBarcodeScanner.bundle; sourceTree = "<group>"; };
		19757814DBCA4DE99AA6792F /* CDVWKInAppBrowserUIDelegate.m */ = {isa = PBXFileReference; explicitFileType = undefined; fileEncoding = 4; includeInIndex = 0; lastKnownFileType = sourcecode.c.objc; name = CDVWKInAppBrowserUIDelegate.m; path = "cordova-plugin-inappbrowser/CDVWKInAppBrowserUIDelegate.m"; sourceTree = "<group>"; };
		1D3623240D0F684500981E51 /* AppDelegate.h */ = {isa = PBXFileReference; fileEncoding = 4; lastKnownFileType = sourcecode.c.h; path = AppDelegate.h; sourceTree = "<group>"; };
		1D3623250D0F684500981E51 /* AppDelegate.m */ = {isa = PBXFileReference; fileEncoding = 4; lastKnownFileType = sourcecode.c.objc; path = AppDelegate.m; sourceTree = "<group>"; };
		1D6058910D05DD3D006BFB54 /* 智服云.app */ = {isa = PBXFileReference; explicitFileType = wrapper.application; includeInIndex = 0; path = "智服云.app"; sourceTree = BUILT_PRODUCTS_DIR; };
		1F247745BC0144A49581C9A0 /* CDVSplashScreen.m */ = {isa = PBXFileReference; explicitFileType = undefined; fileEncoding = 4; includeInIndex = 0; lastKnownFileType = sourcecode.c.objc; name = CDVSplashScreen.m; path = "cordova-plugin-splashscreen/CDVSplashScreen.m"; sourceTree = "<group>"; };
		2564A46676D04A00A0A0E9B5 /* UIImage+Luban_iOS_Extension_h.h */ = {isa = PBXFileReference; explicitFileType = undefined; fileEncoding = 4; includeInIndex = 0; lastKnownFileType = sourcecode.c.h; name = "UIImage+Luban_iOS_Extension_h.h"; path = "cordova-plugin-imagepicker/UIImage+Luban_iOS_Extension_h.h"; sourceTree = "<group>"; };
		25F3B20B8A4648C1A4DBCDCA /* CDVConnection.m */ = {isa = PBXFileReference; explicitFileType = undefined; fileEncoding = 4; includeInIndex = 0; lastKnownFileType = sourcecode.c.objc; name = CDVConnection.m; path = "cordova-plugin-network-information/CDVConnection.m"; sourceTree = "<group>"; };
		29B97316FDCFA39411CA2CEA /* main.m */ = {isa = PBXFileReference; fileEncoding = 4; lastKnownFileType = sourcecode.c.objc; path = main.m; sourceTree = "<group>"; };
		2A934D7B6C544011A64EB859 /* AppVersion.m */ = {isa = PBXFileReference; explicitFileType = undefined; fileEncoding = 4; includeInIndex = 0; lastKnownFileType = sourcecode.c.objc; name = AppVersion.m; path = "cordova-plugin-app-version/AppVersion.m"; sourceTree = "<group>"; };
		2BA241B2AC484F8BA8B0D6C2 /* UIKit.framework */ = {isa = PBXFileReference; explicitFileType = undefined; fileEncoding = 9; includeInIndex = 0; lastKnownFileType = wrapper.framework; name = UIKit.framework; path = System/Library/Frameworks/UIKit.framework; sourceTree = SDKROOT; };
		2C676FE7E4DE4CF8BCB23211 /* TZImageCropManager.h */ = {isa = PBXFileReference; explicitFileType = undefined; fileEncoding = 4; includeInIndex = 0; lastKnownFileType = sourcecode.c.h; name = TZImageCropManager.h; path = "cordova-plugin-imagepicker/TZImageCropManager.h"; sourceTree = "<group>"; };
		2FADCFC918D04045AEECF2A3 /* TZAssetCell.m */ = {isa = PBXFileReference; explicitFileType = undefined; fileEncoding = 4; includeInIndex = 0; lastKnownFileType = sourcecode.c.objc; name = TZAssetCell.m; path = "cordova-plugin-imagepicker/TZAssetCell.m"; sourceTree = "<group>"; };
		301BF52D109A57CC0062928A /* CordovaLib.xcodeproj */ = {isa = PBXFileReference; lastKnownFileType = "wrapper.pb-project"; name = CordovaLib.xcodeproj; path = CordovaLib/CordovaLib.xcodeproj; sourceTree = "<group>"; };
		301BF56E109A69640062928A /* www */ = {isa = PBXFileReference; lastKnownFileType = folder; path = www; sourceTree = SOURCE_ROOT; };
		302D95EE14D2391D003F00A1 /* MainViewController.h */ = {isa = PBXFileReference; fileEncoding = 4; lastKnownFileType = sourcecode.c.h; path = MainViewController.h; sourceTree = "<group>"; };
		302D95EF14D2391D003F00A1 /* MainViewController.m */ = {isa = PBXFileReference; fileEncoding = 4; lastKnownFileType = sourcecode.c.objc; path = MainViewController.m; sourceTree = "<group>"; };
		302D95F014D2391D003F00A1 /* MainViewController.xib */ = {isa = PBXFileReference; fileEncoding = 4; lastKnownFileType = file.xib; path = MainViewController.xib; sourceTree = "<group>"; };
		3047A50F1AB8059700498E2A /* build-debug.xcconfig */ = {isa = PBXFileReference; fileEncoding = 4; lastKnownFileType = text.xcconfig; name = "build-debug.xcconfig"; path = "cordova/build-debug.xcconfig"; sourceTree = SOURCE_ROOT; };
		3047A5101AB8059700498E2A /* build-release.xcconfig */ = {isa = PBXFileReference; fileEncoding = 4; lastKnownFileType = text.xcconfig; name = "build-release.xcconfig"; path = "cordova/build-release.xcconfig"; sourceTree = SOURCE_ROOT; };
		3047A5111AB8059700498E2A /* build.xcconfig */ = {isa = PBXFileReference; fileEncoding = 4; lastKnownFileType = text.xcconfig; name = build.xcconfig; path = cordova/build.xcconfig; sourceTree = SOURCE_ROOT; };
		30F070D952B04081921D29DF /* TZVideoPlayerController.h */ = {isa = PBXFileReference; explicitFileType = undefined; fileEncoding = 4; includeInIndex = 0; lastKnownFileType = sourcecode.c.h; name = TZVideoPlayerController.h; path = "cordova-plugin-imagepicker/TZVideoPlayerController.h"; sourceTree = "<group>"; };
		32CA4F630368D1EE00C91783 /* 智服云-Prefix.pch */ = {isa = PBXFileReference; fileEncoding = 4; lastKnownFileType = sourcecode.c.h; path = "智服云-Prefix.pch"; sourceTree = "<group>"; };
		33BDCAB97067463C90840045 /* CDVBarcodeScanner.mm */ = {isa = PBXFileReference; explicitFileType = undefined; fileEncoding = 9; includeInIndex = 0; lastKnownFileType = unknown; name = CDVBarcodeScanner.mm; path = "phonegap-plugin-barcodescanner/CDVBarcodeScanner.mm"; sourceTree = "<group>"; };
		347B6B554A5340C48F44317F /* CDVKeyboard.h */ = {isa = PBXFileReference; explicitFileType = undefined; fileEncoding = 4; includeInIndex = 0; lastKnownFileType = sourcecode.c.h; name = CDVKeyboard.h; path = "cordova-plugin-keyboard/CDVKeyboard.h"; sourceTree = "<group>"; };
		34D524897A104E439AB52384 /* AVFoundation.framework */ = {isa = PBXFileReference; explicitFileType = undefined; fileEncoding = 9; includeInIndex = 0; lastKnownFileType = wrapper.framework; name = AVFoundation.framework; path = System/Library/Frameworks/AVFoundation.framework; sourceTree = SDKROOT; };
		36BD59F4C1754B60AC511678 /* CDVReachability.m */ = {isa = PBXFileReference; explicitFileType = undefined; fileEncoding = 4; includeInIndex = 0; lastKnownFileType = sourcecode.c.objc; name = CDVReachability.m; path = "cordova-plugin-network-information/CDVReachability.m"; sourceTree = "<group>"; };
		382508D9044F4E7B8C99C905 /* AudioToolbox.framework */ = {isa = PBXFileReference; explicitFileType = undefined; fileEncoding = 9; includeInIndex = 0; lastKnownFileType = wrapper.framework; name = AudioToolbox.framework; path = System/Library/Frameworks/AudioToolbox.framework; sourceTree = SDKROOT; };
		39A3E00C2E144C6ABD49DC2A /* CDVDevice.m */ = {isa = PBXFileReference; explicitFileType = undefined; fileEncoding = 4; includeInIndex = 0; lastKnownFileType = sourcecode.c.objc; name = CDVDevice.m; path = "cordova-plugin-device/CDVDevice.m"; sourceTree = "<group>"; };
		3E404A3BD5CB4A78B623EBED /* CDVInAppBrowserOptions.m */ = {isa = PBXFileReference; explicitFileType = undefined; fileEncoding = 4; includeInIndex = 0; lastKnownFileType = sourcecode.c.objc; name = CDVInAppBrowserOptions.m; path = "cordova-plugin-inappbrowser/CDVInAppBrowserOptions.m"; sourceTree = "<group>"; };
		3EC2A6ED94CB40E8A8357D95 /* CDVAssetLibraryFilesystem.h */ = {isa = PBXFileReference; explicitFileType = undefined; fileEncoding = 4; includeInIndex = 0; lastKnownFileType = sourcecode.c.h; name = CDVAssetLibraryFilesystem.h; path = "cordova-plugin-file/CDVAssetLibraryFilesystem.h"; sourceTree = "<group>"; };
		3F832EAB29384122ACCD3A10 /* CDVLocalFilesystem.m */ = {isa = PBXFileReference; explicitFileType = undefined; fileEncoding = 4; includeInIndex = 0; lastKnownFileType = sourcecode.c.objc; name = CDVLocalFilesystem.m; path = "cordova-plugin-file/CDVLocalFilesystem.m"; sourceTree = "<group>"; };
		447F19F0F6FB4250B7EC506A /* SystemConfiguration.framework */ = {isa = PBXFileReference; explicitFileType = undefined; fileEncoding = 9; includeInIndex = 0; lastKnownFileType = wrapper.framework; name = SystemConfiguration.framework; path = System/Library/Frameworks/SystemConfiguration.framework; sourceTree = SDKROOT; };
		45A29352322F4213A7F7704F /* CoreFoundation.framework */ = {isa = PBXFileReference; explicitFileType = undefined; fileEncoding = 9; includeInIndex = 0; lastKnownFileType = wrapper.framework; name = CoreFoundation.framework; path = System/Library/Frameworks/CoreFoundation.framework; sourceTree = SDKROOT; };
		464353E05057472AAF8E0021 /* TZGifPhotoPreviewController.h */ = {isa = PBXFileReference; explicitFileType = undefined; fileEncoding = 4; includeInIndex = 0; lastKnownFileType = sourcecode.c.h; name = TZGifPhotoPreviewController.h; path = "cordova-plugin-imagepicker/TZGifPhotoPreviewController.h"; sourceTree = "<group>"; };
		473364343E444CA1B8C0A40A /* CDVCamera.m */ = {isa = PBXFileReference; explicitFileType = undefined; fileEncoding = 4; includeInIndex = 0; lastKnownFileType = sourcecode.c.objc; name = CDVCamera.m; path = "cordova-plugin-camera/CDVCamera.m"; sourceTree = "<group>"; };
		47396A7B09154CFF9ED9F11A /* CDVWKInAppBrowser.m */ = {isa = PBXFileReference; explicitFileType = undefined; fileEncoding = 4; includeInIndex = 0; lastKnownFileType = sourcecode.c.objc; name = CDVWKInAppBrowser.m; path = "cordova-plugin-inappbrowser/CDVWKInAppBrowser.m"; sourceTree = "<group>"; };
		48086176377D4C58B82153BE /* jcore-ios-2.7.1.a */ = {isa = PBXFileReference; explicitFileType = undefined; fileEncoding = 9; includeInIndex = 0; lastKnownFileType = archive.ar; name = "jcore-ios-2.7.1.a"; path = "智服云/Plugins/cordova-plugin-jcore/jcore-ios-2.7.1.a"; sourceTree = "<group>"; };
		4D5D2207ED2E4D9D971C7631 /* TZVideoPlayerController.m */ = {isa = PBXFileReference; explicitFileType = undefined; fileEncoding = 4; includeInIndex = 0; lastKnownFileType = sourcecode.c.objc; name = TZVideoPlayerController.m; path = "cordova-plugin-imagepicker/TZVideoPlayerController.m"; sourceTree = "<group>"; };
		5155270D666C464B9B08B198 /* CDVViewController+SplashScreen.h */ = {isa = PBXFileReference; explicitFileType = undefined; fileEncoding = 4; includeInIndex = 0; lastKnownFileType = sourcecode.c.h; name = "CDVViewController+SplashScreen.h"; path = "cordova-plugin-splashscreen/CDVViewController+SplashScreen.h"; sourceTree = "<group>"; };
		538038158CF84AEA9D4AE146 /* CDVWKProcessPoolFactory.m */ = {isa = PBXFileReference; explicitFileType = undefined; fileEncoding = 4; includeInIndex = 0; lastKnownFileType = sourcecode.c.objc; name = CDVWKProcessPoolFactory.m; path = "cordova-plugin-wkwebview-engine/CDVWKProcessPoolFactory.m"; sourceTree = "<group>"; };
		539AA6EF4562407B9B9D0B75 /* AppDelegate+JPush.m */ = {isa = PBXFileReference; explicitFileType = undefined; fileEncoding = 4; includeInIndex = 0; lastKnownFileType = sourcecode.c.objc; name = "AppDelegate+JPush.m"; path = "jpush-phonegap-plugin/AppDelegate+JPush.m"; sourceTree = "<group>"; };
		542A3278CBBF49ADBC0867AE /* TZImagePickerController.h */ = {isa = PBXFileReference; explicitFileType = undefined; fileEncoding = 4; includeInIndex = 0; lastKnownFileType = sourcecode.c.h; name = TZImagePickerController.h; path = "cordova-plugin-imagepicker/TZImagePickerController.h"; sourceTree = "<group>"; };
		545C29245E3E4A33827CF30D /* CDVLocation.m */ = {isa = PBXFileReference; explicitFileType = undefined; fileEncoding = 4; includeInIndex = 0; lastKnownFileType = sourcecode.c.objc; name = CDVLocation.m; path = "cordova-plugin-geolocation/CDVLocation.m"; sourceTree = "<group>"; };
		546F773DC49A4C899049C64F /* FileOpener2.h */ = {isa = PBXFileReference; explicitFileType = undefined; fileEncoding = 4; includeInIndex = 0; lastKnownFileType = sourcecode.c.h; name = FileOpener2.h; path = "cordova-plugin-file-opener2/FileOpener2.h"; sourceTree = "<group>"; };
		5556E5417A594C7CAA35660A /* TZLocationManager.h */ = {isa = PBXFileReference; explicitFileType = undefined; fileEncoding = 4; includeInIndex = 0; lastKnownFileType = sourcecode.c.h; name = TZLocationManager.h; path = "cordova-plugin-imagepicker/TZLocationManager.h"; sourceTree = "<group>"; };
		57C075D3F1FA49BDABF12578 /* libc++.tbd */ = {isa = PBXFileReference; explicitFileType = undefined; fileEncoding = 9; includeInIndex = 0; lastKnownFileType = "sourcecode.text-based-dylib-definition"; name = "libc++.tbd"; path = "usr/lib/libc++.tbd"; sourceTree = SDKROOT; };
		58029FA979E24A159DDCC497 /* CDVWKWebViewEngine.m */ = {isa = PBXFileReference; explicitFileType = undefined; fileEncoding = 4; includeInIndex = 0; lastKnownFileType = sourcecode.c.objc; name = CDVWKWebViewEngine.m; path = "cordova-plugin-wkwebview-engine/CDVWKWebViewEngine.m"; sourceTree = "<group>"; };
		5D4F6D4572674CAAB912D459 /* CFNetwork.framework */ = {isa = PBXFileReference; explicitFileType = undefined; fileEncoding = 9; includeInIndex = 0; lastKnownFileType = wrapper.framework; name = CFNetwork.framework; path = System/Library/Frameworks/CFNetwork.framework; sourceTree = SDKROOT; };
		62B29BB0A5544D0EA94FF033 /* TZImagePickerController.bundle */ = {isa = PBXFileReference; explicitFileType = undefined; fileEncoding = 9; includeInIndex = 0; lastKnownFileType = "wrapper.plug-in"; path = TZImagePickerController.bundle; sourceTree = "<group>"; };
		6AFF5BF81D6E424B00AB3073 /* CDVLaunchScreen.storyboard */ = {isa = PBXFileReference; fileEncoding = 4; lastKnownFileType = file.storyboard; name = CDVLaunchScreen.storyboard; path = "智服云/CDVLaunchScreen.storyboard"; sourceTree = SOURCE_ROOT; };
		6BBEC24FB220415488A94D7B /* TZTestCell.h */ = {isa = PBXFileReference; explicitFileType = undefined; fileEncoding = 4; includeInIndex = 0; lastKnownFileType = sourcecode.c.h; name = TZTestCell.h; path = "cordova-plugin-imagepicker/TZTestCell.h"; sourceTree = "<group>"; };
		6D8C47CB7D3A413F8AE09ED1 /* CDVReachability.h */ = {isa = PBXFileReference; explicitFileType = undefined; fileEncoding = 4; includeInIndex = 0; lastKnownFileType = sourcecode.c.h; name = CDVReachability.h; path = "cordova-plugin-network-information/CDVReachability.h"; sourceTree = "<group>"; };
		6DF84D0A9B4F4173ABC6B16F /* LxGridViewFlowLayout.m */ = {isa = PBXFileReference; explicitFileType = undefined; fileEncoding = 4; includeInIndex = 0; lastKnownFileType = sourcecode.c.objc; name = LxGridViewFlowLayout.m; path = "cordova-plugin-imagepicker/LxGridViewFlowLayout.m"; sourceTree = "<group>"; };
		6E1FED408988432F96E31079 /* CDVStatusBar.m */ = {isa = PBXFileReference; explicitFileType = undefined; fileEncoding = 4; includeInIndex = 0; lastKnownFileType = sourcecode.c.objc; name = CDVStatusBar.m; path = "cordova-plugin-statusbar/CDVStatusBar.m"; sourceTree = "<group>"; };
		6F6923C487B24CD9A1418B92 /* AdSupport.framework */ = {isa = PBXFileReference; explicitFileType = undefined; fileEncoding = 9; includeInIndex = 0; lastKnownFileType = wrapper.framework; name = AdSupport.framework; path = System/Library/Frameworks/AdSupport.framework; sourceTree = SDKROOT; };
		710D217106F6457FAB84ECA5 /* CDVSplashScreen.h */ = {isa = PBXFileReference; explicitFileType = undefined; fileEncoding = 4; includeInIndex = 0; lastKnownFileType = sourcecode.c.h; name = CDVSplashScreen.h; path = "cordova-plugin-splashscreen/CDVSplashScreen.h"; sourceTree = "<group>"; };
		73C14AEDC67E444FB489D220 /* Foundation.framework */ = {isa = PBXFileReference; explicitFileType = undefined; fileEncoding = 9; includeInIndex = 0; lastKnownFileType = wrapper.framework; name = Foundation.framework; path = System/Library/Frameworks/Foundation.framework; sourceTree = SDKROOT; };
		742C8B5D9A10486A9FDD5B67 /* TZImagePickerController.m */ = {isa = PBXFileReference; explicitFileType = undefined; fileEncoding = 4; includeInIndex = 0; lastKnownFileType = sourcecode.c.objc; name = TZImagePickerController.m; path = "cordova-plugin-imagepicker/TZImagePickerController.m"; sourceTree = "<group>"; };
		74F4A7DF28414659A8048BE6 /* AppDelegate+JPush.h */ = {isa = PBXFileReference; explicitFileType = undefined; fileEncoding = 4; includeInIndex = 0; lastKnownFileType = sourcecode.c.h; name = "AppDelegate+JPush.h"; path = "jpush-phonegap-plugin/AppDelegate+JPush.h"; sourceTree = "<group>"; };
		757191E4E12D4A71B302A3D6 /* JPushPlugin.h */ = {isa = PBXFileReference; explicitFileType = undefined; fileEncoding = 4; includeInIndex = 0; lastKnownFileType = sourcecode.c.h; name = JPushPlugin.h; path = "jpush-phonegap-plugin/JPushPlugin.h"; sourceTree = "<group>"; };
		763E36F67B1E415786E4B756 /* CDVLocation.h */ = {isa = PBXFileReference; explicitFileType = undefined; fileEncoding = 4; includeInIndex = 0; lastKnownFileType = sourcecode.c.h; name = CDVLocation.h; path = "cordova-plugin-geolocation/CDVLocation.h"; sourceTree = "<group>"; };
		7657CA2150164C8BB3AE6062 /* CDVCamera.h */ = {isa = PBXFileReference; explicitFileType = undefined; fileEncoding = 4; includeInIndex = 0; lastKnownFileType = sourcecode.c.h; name = CDVCamera.h; path = "cordova-plugin-camera/CDVCamera.h"; sourceTree = "<group>"; };
		766BC40AFD604F9581FEA1EB /* CDVExif.h */ = {isa = PBXFileReference; explicitFileType = undefined; fileEncoding = 4; includeInIndex = 0; lastKnownFileType = sourcecode.c.h; name = CDVExif.h; path = "cordova-plugin-camera/CDVExif.h"; sourceTree = "<group>"; };
		7D359EB5AC0049F19F793B10 /* CDVViewController+SplashScreen.m */ = {isa = PBXFileReference; explicitFileType = undefined; fileEncoding = 4; includeInIndex = 0; lastKnownFileType = sourcecode.c.objc; name = "CDVViewController+SplashScreen.m"; path = "cordova-plugin-splashscreen/CDVViewController+SplashScreen.m"; sourceTree = "<group>"; };
		7FD3E0B1225643BDA0D7D5C0 /* CDVDevice.h */ = {isa = PBXFileReference; explicitFileType = undefined; fileEncoding = 4; includeInIndex = 0; lastKnownFileType = sourcecode.c.h; name = CDVDevice.h; path = "cordova-plugin-device/CDVDevice.h"; sourceTree = "<group>"; };
		81AB90418BCA46B198174DB5 /* TZPhotoPreviewCell.m */ = {isa = PBXFileReference; explicitFileType = undefined; fileEncoding = 4; includeInIndex = 0; lastKnownFileType = sourcecode.c.objc; name = TZPhotoPreviewCell.m; path = "cordova-plugin-imagepicker/TZPhotoPreviewCell.m"; sourceTree = "<group>"; };
		83C1C51F7B424E82916A3304 /* TZLocationManager.m */ = {isa = PBXFileReference; explicitFileType = undefined; fileEncoding = 4; includeInIndex = 0; lastKnownFileType = sourcecode.c.objc; name = TZLocationManager.m; path = "cordova-plugin-imagepicker/TZLocationManager.m"; sourceTree = "<group>"; };
		84304D9EDF73447ABCA1A5CB /* CDVFile.m */ = {isa = PBXFileReference; explicitFileType = undefined; fileEncoding = 4; includeInIndex = 0; lastKnownFileType = sourcecode.c.objc; name = CDVFile.m; path = "cordova-plugin-file/CDVFile.m"; sourceTree = "<group>"; };
		857A1BC652ED4BE0A5300AB8 /* TZAssetCell.h */ = {isa = PBXFileReference; explicitFileType = undefined; fileEncoding = 4; includeInIndex = 0; lastKnownFileType = sourcecode.c.h; name = TZAssetCell.h; path = "cordova-plugin-imagepicker/TZAssetCell.h"; sourceTree = "<group>"; };
		8742A25DC5154D7FBB136EAE /* CDVKeyboard.m */ = {isa = PBXFileReference; explicitFileType = undefined; fileEncoding = 4; includeInIndex = 0; lastKnownFileType = sourcecode.c.objc; name = CDVKeyboard.m; path = "cordova-plugin-keyboard/CDVKeyboard.m"; sourceTree = "<group>"; };
		87F57E0AA59E4AFAA633DFBB /* JPUSHService.h */ = {isa = PBXFileReference; explicitFileType = undefined; fileEncoding = 4; includeInIndex = 0; lastKnownFileType = sourcecode.c.h; name = JPUSHService.h; path = "jpush-phonegap-plugin/JPUSHService.h"; sourceTree = "<group>"; };
		88375FFBF81F4A2C8378C66E /* Launcher.h */ = {isa = PBXFileReference; explicitFileType = undefined; fileEncoding = 4; includeInIndex = 0; lastKnownFileType = sourcecode.c.h; name = Launcher.h; path = "cordova-plugin-app-launcher/Launcher.h"; sourceTree = "<group>"; };
		895C92ABFFB14992BC93C7A8 /* BaiduMapLocation.h */ = {isa = PBXFileReference; explicitFileType = undefined; fileEncoding = 4; includeInIndex = 0; lastKnownFileType = sourcecode.c.h; name = BaiduMapLocation.h; path = "cordova-plugin-baidumaplocation/BaiduMapLocation.h"; sourceTree = "<group>"; };
		8A54EC1D811349FB91F265FE /* CDVLocalFilesystem.h */ = {isa = PBXFileReference; explicitFileType = undefined; fileEncoding = 4; includeInIndex = 0; lastKnownFileType = sourcecode.c.h; name = CDVLocalFilesystem.h; path = "cordova-plugin-file/CDVLocalFilesystem.h"; sourceTree = "<group>"; };
		8B458F71E47149FBAF82B9F5 /* libresolv.tbd */ = {isa = PBXFileReference; explicitFileType = undefined; fileEncoding = 9; includeInIndex = 0; lastKnownFileType = "sourcecode.text-based-dylib-definition"; name = libresolv.tbd; path = usr/lib/libresolv.tbd; sourceTree = SDKROOT; };
		8D1107310486CEB800E47090 /* 智服云-Info.plist */ = {isa = PBXFileReference; fileEncoding = 4; lastKnownFileType = text.plist.xml; name = "智服云-Info.plist"; path = "智服云/智服云-Info.plist"; plistStructureDefinitionIdentifier = "com.apple.xcode.plist.structure-definition.iphone.info-plist"; sourceTree = SOURCE_ROOT; };
		925601D176DC48FDA62AAE2C /* CDVWKProcessPoolFactory.h */ = {isa = PBXFileReference; explicitFileType = undefined; fileEncoding = 4; includeInIndex = 0; lastKnownFileType = sourcecode.c.h; name = CDVWKProcessPoolFactory.h; path = "cordova-plugin-wkwebview-engine/CDVWKProcessPoolFactory.h"; sourceTree = "<group>"; };
		93BED9D9CC1A47A18BC3D07E /* TZProgressView.m */ = {isa = PBXFileReference; explicitFileType = undefined; fileEncoding = 4; includeInIndex = 0; lastKnownFileType = sourcecode.c.objc; name = TZProgressView.m; path = "cordova-plugin-imagepicker/TZProgressView.m"; sourceTree = "<group>"; };
		940951E5F2674736884F6E8A /* AppVersion.h */ = {isa = PBXFileReference; explicitFileType = undefined; fileEncoding = 4; includeInIndex = 0; lastKnownFileType = sourcecode.c.h; name = AppVersion.h; path = "cordova-plugin-app-version/AppVersion.h"; sourceTree = "<group>"; };
		97303D74E4ED4AE5B512EB2E /* FileOpener2.m */ = {isa = PBXFileReference; explicitFileType = undefined; fileEncoding = 4; includeInIndex = 0; lastKnownFileType = sourcecode.c.objc; name = FileOpener2.m; path = "cordova-plugin-file-opener2/FileOpener2.m"; sourceTree = "<group>"; };
		97957697066D449886985C13 /* GLKit.framework */ = {isa = PBXFileReference; explicitFileType = undefined; fileEncoding = 9; includeInIndex = 0; lastKnownFileType = wrapper.framework; name = GLKit.framework; path = System/Library/Frameworks/GLKit.framework; sourceTree = SDKROOT; };
		985F4076BF804EA7AC49A7A9 /* BMKLocationKit.framework */ = {isa = PBXFileReference; explicitFileType = undefined; fileEncoding = 9; includeInIndex = 0; lastKnownFileType = wrapper.framework; name = BMKLocationKit.framework; path = "智服云/Plugins/cordova-plugin-baidumaplocation/BMKLocationKit.framework"; sourceTree = "<group>"; };
		98E8D28AD7F0416EBB2717B0 /* TZPhotoPickerController.m */ = {isa = PBXFileReference; explicitFileType = undefined; fileEncoding = 4; includeInIndex = 0; lastKnownFileType = sourcecode.c.objc; name = TZPhotoPickerController.m; path = "cordova-plugin-imagepicker/TZPhotoPickerController.m"; sourceTree = "<group>"; };
		9CD46F3ADD1448998A270B7B /* ExternalAccessory.framework */ = {isa = PBXFileReference; explicitFileType = undefined; fileEncoding = 9; includeInIndex = 0; lastKnownFileType = wrapper.framework; name = ExternalAccessory.framework; path = System/Library/Frameworks/ExternalAccessory.framework; sourceTree = SDKROOT; };
		A066CC777A3642FAB5C54F49 /* CDVAssetLibraryFilesystem.m */ = {isa = PBXFileReference; explicitFileType = undefined; fileEncoding = 4; includeInIndex = 0; lastKnownFileType = sourcecode.c.objc; name = CDVAssetLibraryFilesystem.m; path = "cordova-plugin-file/CDVAssetLibraryFilesystem.m"; sourceTree = "<group>"; };
		A0C1D4DDF0144CE79B2844C1 /* ImagePickerMain.h */ = {isa = PBXFileReference; explicitFileType = undefined; fileEncoding = 4; includeInIndex = 0; lastKnownFileType = sourcecode.c.h; name = ImagePickerMain.h; path = "cordova-plugin-imagepicker/ImagePickerMain.h"; sourceTree = "<group>"; };
		A58F953E064E459880668C85 /* jpush-ios-3.7.4.a */ = {isa = PBXFileReference; explicitFileType = undefined; fileEncoding = 9; includeInIndex = 0; lastKnownFileType = archive.ar; name = "jpush-ios-3.7.4.a"; path = "智服云/Plugins/jpush-phonegap-plugin/jpush-ios-3.7.4.a"; sourceTree = "<group>"; };
		A65F633372A0470DB46D0C45 /* ImageIO.framework */ = {isa = PBXFileReference; explicitFileType = undefined; fileEncoding = 9; includeInIndex = 0; lastKnownFileType = wrapper.framework; name = ImageIO.framework; path = System/Library/Frameworks/ImageIO.framework; sourceTree = SDKROOT; };
		A6FC03A3F2DD46AF81CB68FB /* JPushConfig.plist */ = {isa = PBXFileReference; explicitFileType = undefined; fileEncoding = 4; includeInIndex = 0; lastKnownFileType = text.plist.xml; path = JPushConfig.plist; sourceTree = "<group>"; };
		AB46D48DDDDE44F594795A81 /* TZAssetModel.h */ = {isa = PBXFileReference; explicitFileType = undefined; fileEncoding = 4; includeInIndex = 0; lastKnownFileType = sourcecode.c.h; name = TZAssetModel.h; path = "cordova-plugin-imagepicker/TZAssetModel.h"; sourceTree = "<group>"; };
		AF7633ECBB4349E38B0C1763 /* TZAssetModel.m */ = {isa = PBXFileReference; explicitFileType = undefined; fileEncoding = 4; includeInIndex = 0; lastKnownFileType = sourcecode.c.objc; name = TZAssetModel.m; path = "cordova-plugin-imagepicker/TZAssetModel.m"; sourceTree = "<group>"; };
		B1906F9A34584BAE9EF6CA60 /* CDVInAppBrowserNavigationController.m */ = {isa = PBXFileReference; explicitFileType = undefined; fileEncoding = 4; includeInIndex = 0; lastKnownFileType = sourcecode.c.objc; name = CDVInAppBrowserNavigationController.m; path = "cordova-plugin-inappbrowser/CDVInAppBrowserNavigationController.m"; sourceTree = "<group>"; };
		B4F56143E6494D748BA94A71 /* TZImageCropManager.m */ = {isa = PBXFileReference; explicitFileType = undefined; fileEncoding = 4; includeInIndex = 0; lastKnownFileType = sourcecode.c.objc; name = TZImageCropManager.m; path = "cordova-plugin-imagepicker/TZImageCropManager.m"; sourceTree = "<group>"; };
		BC7DC9BBD2B44A60AF6A3BDC /* libcrypto.a */ = {isa = PBXFileReference; explicitFileType = undefined; fileEncoding = 9; includeInIndex = 0; lastKnownFileType = archive.ar; name = libcrypto.a; path = "智服云/Plugins/cordova-plugin-baidumaplocation/libcrypto.a"; sourceTree = "<group>"; };
		BE16C68280594D078D36C87A /* CoreTelephony.framework */ = {isa = PBXFileReference; explicitFileType = undefined; fileEncoding = 9; includeInIndex = 0; lastKnownFileType = wrapper.framework; name = CoreTelephony.framework; path = System/Library/Frameworks/CoreTelephony.framework; sourceTree = SDKROOT; };
		C44B6B1CCDB54094B5C49C1B /* CoreLocation.framework */ = {isa = PBXFileReference; explicitFileType = undefined; fileEncoding = 9; includeInIndex = 0; lastKnownFileType = wrapper.framework; name = CoreLocation.framework; path = System/Library/Frameworks/CoreLocation.framework; sourceTree = SDKROOT; };
		C5B4B55CB89E45B6A589168A /* CDVInAppBrowserOptions.h */ = {isa = PBXFileReference; explicitFileType = undefined; fileEncoding = 4; includeInIndex = 0; lastKnownFileType = sourcecode.c.h; name = CDVInAppBrowserOptions.h; path = "cordova-plugin-inappbrowser/CDVInAppBrowserOptions.h"; sourceTree = "<group>"; };
		C5F09CCB249642D588644741 /* UIView+Layout.m */ = {isa = PBXFileReference; explicitFileType = undefined; fileEncoding = 4; includeInIndex = 0; lastKnownFileType = sourcecode.c.objc; name = "UIView+Layout.m"; path = "cordova-plugin-imagepicker/UIView+Layout.m"; sourceTree = "<group>"; };
		C75FE2C0F9B1445499396848 /* TZPhotoPickerController.h */ = {isa = PBXFileReference; explicitFileType = undefined; fileEncoding = 4; includeInIndex = 0; lastKnownFileType = sourcecode.c.h; name = TZPhotoPickerController.h; path = "cordova-plugin-imagepicker/TZPhotoPickerController.h"; sourceTree = "<group>"; };
		C7CD360D081C49ABB12DA5AD /* GaoDeLocation.m */ = {isa = PBXFileReference; explicitFileType = undefined; fileEncoding = 4; includeInIndex = 0; lastKnownFileType = sourcecode.c.objc; name = GaoDeLocation.m; path = "cordova-plugin-gaodelocation-chenyu/GaoDeLocation.m"; sourceTree = "<group>"; };
		CB767B6BEDD64B60B47514BD /* scannerOverlay.xib */ = {isa = PBXFileReference; explicitFileType = undefined; fileEncoding = 9; includeInIndex = 0; lastKnownFileType = file.xib; path = scannerOverlay.xib; sourceTree = "<group>"; };
		CE4D49893BD34546B784918E /* CDVWKInAppBrowserUIDelegate.h */ = {isa = PBXFileReference; explicitFileType = undefined; fileEncoding = 4; includeInIndex = 0; lastKnownFileType = sourcecode.c.h; name = CDVWKInAppBrowserUIDelegate.h; path = "cordova-plugin-inappbrowser/CDVWKInAppBrowserUIDelegate.h"; sourceTree = "<group>"; };
		D0C1DCAD9D724D12986F7D5D /* TZImageRequestOperation.m */ = {isa = PBXFileReference; explicitFileType = undefined; fileEncoding = 4; includeInIndex = 0; lastKnownFileType = sourcecode.c.objc; name = TZImageRequestOperation.m; path = "cordova-plugin-imagepicker/TZImageRequestOperation.m"; sourceTree = "<group>"; };
		D0EF9448D0904BE2A52DC2C9 /* TZTestCell.m */ = {isa = PBXFileReference; explicitFileType = undefined; fileEncoding = 4; includeInIndex = 0; lastKnownFileType = sourcecode.c.objc; name = TZTestCell.m; path = "cordova-plugin-imagepicker/TZTestCell.m"; sourceTree = "<group>"; };
		D1C6B3C07E124309A1D5F91C /* TZProgressView.h */ = {isa = PBXFileReference; explicitFileType = undefined; fileEncoding = 4; includeInIndex = 0; lastKnownFileType = sourcecode.c.h; name = TZProgressView.h; path = "cordova-plugin-imagepicker/TZProgressView.h"; sourceTree = "<group>"; };
		D5F7A8CFF07A4C409129C8BD /* AMapFoundationKit.framework */ = {isa = PBXFileReference; explicitFileType = undefined; fileEncoding = 9; includeInIndex = 0; lastKnownFileType = wrapper.framework; name = AMapFoundationKit.framework; path = "智服云/Plugins/cordova-plugin-gaodelocation-chenyu/AMapFoundationKit.framework"; sourceTree = "<group>"; };
		D64FE8F69EF54D2CA17F1926 /* CDVConnection.h */ = {isa = PBXFileReference; explicitFileType = undefined; fileEncoding = 4; includeInIndex = 0; lastKnownFileType = sourcecode.c.h; name = CDVConnection.h; path = "cordova-plugin-network-information/CDVConnection.h"; sourceTree = "<group>"; };
		D65E1C91662B4CA9BB6C3DAD /* TZPhotoPreviewController.m */ = {isa = PBXFileReference; explicitFileType = undefined; fileEncoding = 4; includeInIndex = 0; lastKnownFileType = sourcecode.c.objc; name = TZPhotoPreviewController.m; path = "cordova-plugin-imagepicker/TZPhotoPreviewController.m"; sourceTree = "<group>"; };
		D6CB52CEAA6E48619ABEF0B2 /* CDVJpegHeaderWriter.m */ = {isa = PBXFileReference; explicitFileType = undefined; fileEncoding = 4; includeInIndex = 0; lastKnownFileType = sourcecode.c.objc; name = CDVJpegHeaderWriter.m; path = "cordova-plugin-camera/CDVJpegHeaderWriter.m"; sourceTree = "<group>"; };
		D7646473BB984F3AABBD3856 /* CDVWKWebViewFileXhr.m */ = {isa = PBXFileReference; explicitFileType = undefined; fileEncoding = 4; includeInIndex = 0; lastKnownFileType = sourcecode.c.objc; name = CDVWKWebViewFileXhr.m; path = "cordova-plugin-wkwebview-file-xhr/CDVWKWebViewFileXhr.m"; sourceTree = "<group>"; };
		D84437D24DA84D8FA196B8FA /* UIImage+Luban_iOS_Extension_h.m */ = {isa = PBXFileReference; explicitFileType = undefined; fileEncoding = 4; includeInIndex = 0; lastKnownFileType = sourcecode.c.objc; name = "UIImage+Luban_iOS_Extension_h.m"; path = "cordova-plugin-imagepicker/UIImage+Luban_iOS_Extension_h.m"; sourceTree = "<group>"; };
		D8DAEB2D8AF14A4EB5FB54C3 /* CDVWKWebViewUIDelegate.m */ = {isa = PBXFileReference; explicitFileType = undefined; fileEncoding = 4; includeInIndex = 0; lastKnownFileType = sourcecode.c.objc; name = CDVWKWebViewUIDelegate.m; path = "cordova-plugin-wkwebview-engine/CDVWKWebViewUIDelegate.m"; sourceTree = "<group>"; };
		D9C0517837DE4C28824FEBFC /* StoreKit.framework */ = {isa = PBXFileReference; explicitFileType = undefined; fileEncoding = 9; includeInIndex = 0; lastKnownFileType = wrapper.framework; name = StoreKit.framework; path = System/Library/Frameworks/StoreKit.framework; sourceTree = SDKROOT; };
		D9D3C6A510954BF48EEA013D /* JPushDefine.h */ = {isa = PBXFileReference; explicitFileType = undefined; fileEncoding = 4; includeInIndex = 0; lastKnownFileType = sourcecode.c.h; name = JPushDefine.h; path = "jpush-phonegap-plugin/JPushDefine.h"; sourceTree = "<group>"; };
		DAB5784E774549329742695D /* CDVWKInAppBrowser.h */ = {isa = PBXFileReference; explicitFileType = undefined; fileEncoding = 4; includeInIndex = 0; lastKnownFileType = sourcecode.c.h; name = CDVWKInAppBrowser.h; path = "cordova-plugin-inappbrowser/CDVWKInAppBrowser.h"; sourceTree = "<group>"; };
		DAF4C0D397A94328BC5E44AF /* TZGifPhotoPreviewController.m */ = {isa = PBXFileReference; explicitFileType = undefined; fileEncoding = 4; includeInIndex = 0; lastKnownFileType = sourcecode.c.objc; name = TZGifPhotoPreviewController.m; path = "cordova-plugin-imagepicker/TZGifPhotoPreviewController.m"; sourceTree = "<group>"; };
		E0FA986864EB47ADAC48BFCB /* NSBundle+TZImagePicker.m */ = {isa = PBXFileReference; explicitFileType = undefined; fileEncoding = 4; includeInIndex = 0; lastKnownFileType = sourcecode.c.objc; name = "NSBundle+TZImagePicker.m"; path = "cordova-plugin-imagepicker/NSBundle+TZImagePicker.m"; sourceTree = "<group>"; };
		E8F4B0ADE2B14FBE9A860B6B /* libssl.a */ = {isa = PBXFileReference; explicitFileType = undefined; fileEncoding = 9; includeInIndex = 0; lastKnownFileType = archive.ar; name = libssl.a; path = "智服云/Plugins/cordova-plugin-baidumaplocation/libssl.a"; sourceTree = "<group>"; };
		EB87FDF31871DA8E0020F90C /* www */ = {isa = PBXFileReference; lastKnownFileType = folder; name = www; path = ../../www; sourceTree = "<group>"; };
		EB87FDF41871DAF40020F90C /* config.xml */ = {isa = PBXFileReference; lastKnownFileType = text.xml; name = config.xml; path = ../../config.xml; sourceTree = "<group>"; };
		ED33DF2A687741AEAF9F8254 /* Bridging-Header.h */ = {isa = PBXFileReference; fileEncoding = 4; lastKnownFileType = sourcecode.c.h; path = "Bridging-Header.h"; sourceTree = "<group>"; };
		EDE0152D005248E486BB5019 /* AMapLocationKit.framework */ = {isa = PBXFileReference; explicitFileType = undefined; fileEncoding = 9; includeInIndex = 0; lastKnownFileType = wrapper.framework; name = AMapLocationKit.framework; path = "智服云/Plugins/cordova-plugin-gaodelocation-chenyu/AMapLocationKit.framework"; sourceTree = "<group>"; };
		F3B51889A97A4265B0F510D1 /* CDVFileTransfer.h */ = {isa = PBXFileReference; explicitFileType = undefined; fileEncoding = 4; includeInIndex = 0; lastKnownFileType = sourcecode.c.h; name = CDVFileTransfer.h; path = "cordova-plugin-file-transfer/CDVFileTransfer.h"; sourceTree = "<group>"; };
		F71FF8921DA14525951D131C /* UserNotifications.framework */ = {isa = PBXFileReference; explicitFileType = undefined; fileEncoding = 9; includeInIndex = 0; lastKnownFileType = wrapper.framework; name = UserNotifications.framework; path = System/Library/Frameworks/UserNotifications.framework; sourceTree = SDKROOT; };
		F7B2E1B4771745FDB8C3EFBA /* Launcher.m */ = {isa = PBXFileReference; explicitFileType = undefined; fileEncoding = 4; includeInIndex = 0; lastKnownFileType = sourcecode.c.objc; name = Launcher.m; path = "cordova-plugin-app-launcher/Launcher.m"; sourceTree = "<group>"; };
		F840E1F0165FE0F500CFE078 /* config.xml */ = {isa = PBXFileReference; lastKnownFileType = text.xml; name = config.xml; path = "智服云/config.xml"; sourceTree = "<group>"; };
		FA1C97C29B084DEE96C9236A /* CDVStatusBar.h */ = {isa = PBXFileReference; explicitFileType = undefined; fileEncoding = 4; includeInIndex = 0; lastKnownFileType = sourcecode.c.h; name = CDVStatusBar.h; path = "cordova-plugin-statusbar/CDVStatusBar.h"; sourceTree = "<group>"; };
		FAA8351632A54D8B9A5283E7 /* UIImage+CropScaleOrientation.h */ = {isa = PBXFileReference; explicitFileType = undefined; fileEncoding = 4; includeInIndex = 0; lastKnownFileType = sourcecode.c.h; name = "UIImage+CropScaleOrientation.h"; path = "cordova-plugin-camera/UIImage+CropScaleOrientation.h"; sourceTree = "<group>"; };
		FCD5F00E521F4317860FBB9F /* TZPhotoPreviewCell.h */ = {isa = PBXFileReference; explicitFileType = undefined; fileEncoding = 4; includeInIndex = 0; lastKnownFileType = sourcecode.c.h; name = TZPhotoPreviewCell.h; path = "cordova-plugin-imagepicker/TZPhotoPreviewCell.h"; sourceTree = "<group>"; };
		FD160338E54045BA83CCF733 /* CDVInAppBrowserNavigationController.h */ = {isa = PBXFileReference; explicitFileType = undefined; fileEncoding = 4; includeInIndex = 0; lastKnownFileType = sourcecode.c.h; name = CDVInAppBrowserNavigationController.h; path = "cordova-plugin-inappbrowser/CDVInAppBrowserNavigationController.h"; sourceTree = "<group>"; };
		FD69FBE063134E48B0BB54C2 /* UIView+Layout.h */ = {isa = PBXFileReference; explicitFileType = undefined; fileEncoding = 4; includeInIndex = 0; lastKnownFileType = sourcecode.c.h; name = "UIView+Layout.h"; path = "cordova-plugin-imagepicker/UIView+Layout.h"; sourceTree = "<group>"; };
		FFEE401714BC4B5B86356D93 /* UIImage+CropScaleOrientation.m */ = {isa = PBXFileReference; explicitFileType = undefined; fileEncoding = 4; includeInIndex = 0; lastKnownFileType = sourcecode.c.objc; name = "UIImage+CropScaleOrientation.m"; path = "cordova-plugin-camera/UIImage+CropScaleOrientation.m"; sourceTree = "<group>"; };
/* End PBXFileReference section */

/* Begin PBXFrameworksBuildPhase section */
		1D60588F0D05DD3D006BFB54 /* Frameworks */ = {
			isa = PBXFrameworksBuildPhase;
			buildActionMask = 2147483647;
			files = (
				301BF552109A68D80062928A /* libCordova.a in Frameworks */,
				9FBDA59A3D6E4A3ABECC5488 /* libcrypto.a in Frameworks */,
				97A5C8A1E832404480B31EBB /* libssl.a in Frameworks */,
				95D690AF82A74B2F96AC594A /* BMKLocationKit.framework in Frameworks */,
				08DA955EEBDD41D2A7DACEE2 /* CoreLocation.framework in Frameworks */,
				0931A778CBF343B6AF8BB550 /* SystemConfiguration.framework in Frameworks */,
				4514A1E270084EA582FF4655 /* libsqlite3.0.tbd in Frameworks */,
				64C20207DAC34CFCA1383E82 /* CoreTelephony.framework in Frameworks */,
				A1413560625347DB9950D622 /* libc++.tbd in Frameworks */,
				69456D04DAE14EF0BE91BA7B /* AdSupport.framework in Frameworks */,
				F2748A5BCC574A2F828F399A /* ImageIO.framework in Frameworks */,
				3F400F2F9C094006B5503D3D /* AVFoundation.framework in Frameworks */,
				B30F6153D44C442DBEFD3E90 /* jcore-ios-2.7.1.a in Frameworks */,
				7920D2E3C6B1448BA2D3138F /* WebKit.framework in Frameworks */,
				F2BE4E290BB94405AF4EC557 /* jpush-ios-3.7.4.a in Frameworks */,
				E142C08B1A524370BF260DB9 /* CFNetwork.framework in Frameworks */,
				32D74DC67D8744E2929F874B /* CoreFoundation.framework in Frameworks */,
				46AD7D61020940EB9CFC1241 /* Foundation.framework in Frameworks */,
				15B1D7DE7D6C495FA9BCBB6C /* UIKit.framework in Frameworks */,
				C3E62DE2634649BC81D8FE92 /* Security.framework in Frameworks */,
				025C2563FC67439481CF39A3 /* libz.tbd in Frameworks */,
				B961D67EDE7E431A87DF4929 /* UserNotifications.framework in Frameworks */,
				B575CC0D84334A3FB1CC7252 /* libresolv.tbd in Frameworks */,
				ECC9A7CABAEF4BADA92AA885 /* StoreKit.framework in Frameworks */,
				5D6220BFB9AB419F86142C07 /* AudioToolbox.framework in Frameworks */,
				28EDE21999CC4176AD1E6F40 /* ExternalAccessory.framework in Frameworks */,
				4588EAF5465C44588693D796 /* AMapFoundationKit.framework in Frameworks */,
				A7F98A333B4841BDB2299B25 /* AMapLocationKit.framework in Frameworks */,
				72D021B751BD4E05B7AFC9C7 /* GLKit.framework in Frameworks */,
			);
			runOnlyForDeploymentPostprocessing = 0;
		};
/* End PBXFrameworksBuildPhase section */

/* Begin PBXGroup section */
		080E96DDFE201D6D7F000001 /* Classes */ = {
			isa = PBXGroup;
			children = (
				302D95EE14D2391D003F00A1 /* MainViewController.h */,
				302D95EF14D2391D003F00A1 /* MainViewController.m */,
				302D95F014D2391D003F00A1 /* MainViewController.xib */,
				1D3623240D0F684500981E51 /* AppDelegate.h */,
				1D3623250D0F684500981E51 /* AppDelegate.m */,
			);
			name = Classes;
			path = "智服云/Classes";
			sourceTree = SOURCE_ROOT;
		};
		19C28FACFE9D520D11CA2CBB /* Products */ = {
			isa = PBXGroup;
			children = (
				1D6058910D05DD3D006BFB54 /* 智服云.app */,
			);
			name = Products;
			sourceTree = "<group>";
		};
		29B97314FDCFA39411CA2CEA /* CustomTemplate */ = {
			isa = PBXGroup;
			children = (
				EB87FDF41871DAF40020F90C /* config.xml */,
				EB87FDF31871DA8E0020F90C /* www */,
				EB87FDF11871DA420020F90C /* Staging */,
				301BF52D109A57CC0062928A /* CordovaLib.xcodeproj */,
				080E96DDFE201D6D7F000001 /* Classes */,
				307C750510C5A3420062BCA9 /* Plugins */,
				29B97315FDCFA39411CA2CEA /* Other Sources */,
				29B97317FDCFA39411CA2CEA /* Resources */,
				29B97323FDCFA39411CA2CEA /* Frameworks */,
				19C28FACFE9D520D11CA2CBB /* Products */,
			);
			name = CustomTemplate;
			sourceTree = "<group>";
		};
		29B97315FDCFA39411CA2CEA /* Other Sources */ = {
			isa = PBXGroup;
			children = (
				32CA4F630368D1EE00C91783 /* 智服云-Prefix.pch */,
				29B97316FDCFA39411CA2CEA /* main.m */,
				ED33DF2A687741AEAF9F8254 /* Bridging-Header.h */,
			);
			name = "Other Sources";
			path = "智服云";
			sourceTree = "<group>";
		};
		29B97317FDCFA39411CA2CEA /* Resources */ = {
			isa = PBXGroup;
			children = (
				0207DA571B56EA530066E2B4 /* Images.xcassets */,
				3047A50E1AB8057F00498E2A /* config */,
				8D1107310486CEB800E47090 /* 智服云-Info.plist */,
				6AFF5BF81D6E424B00AB3073 /* CDVLaunchScreen.storyboard */,
				62B29BB0A5544D0EA94FF033 /* TZImagePickerController.bundle */,
				A6FC03A3F2DD46AF81CB68FB /* JPushConfig.plist */,
				CB767B6BEDD64B60B47514BD /* scannerOverlay.xib */,
				17D0F0956A7A48AE9A7C3734 /* CDVBarcodeScanner.bundle */,
			);
			name = Resources;
			path = "智服云/Resources";
			sourceTree = "<group>";
		};
		29B97323FDCFA39411CA2CEA /* Frameworks */ = {
			isa = PBXGroup;
			children = (
				BC7DC9BBD2B44A60AF6A3BDC /* libcrypto.a */,
				E8F4B0ADE2B14FBE9A860B6B /* libssl.a */,
				985F4076BF804EA7AC49A7A9 /* BMKLocationKit.framework */,
				C44B6B1CCDB54094B5C49C1B /* CoreLocation.framework */,
				447F19F0F6FB4250B7EC506A /* SystemConfiguration.framework */,
				00A9D84DB67D4FC5AD3DA0F5 /* libsqlite3.0.tbd */,
				BE16C68280594D078D36C87A /* CoreTelephony.framework */,
				57C075D3F1FA49BDABF12578 /* libc++.tbd */,
				6F6923C487B24CD9A1418B92 /* AdSupport.framework */,
				A65F633372A0470DB46D0C45 /* ImageIO.framework */,
				34D524897A104E439AB52384 /* AVFoundation.framework */,
				48086176377D4C58B82153BE /* jcore-ios-2.7.1.a */,
				06D28F33F9E14229A38CF93C /* WebKit.framework */,
				A58F953E064E459880668C85 /* jpush-ios-3.7.4.a */,
				5D4F6D4572674CAAB912D459 /* CFNetwork.framework */,
				45A29352322F4213A7F7704F /* CoreFoundation.framework */,
				73C14AEDC67E444FB489D220 /* Foundation.framework */,
				2BA241B2AC484F8BA8B0D6C2 /* UIKit.framework */,
				009D1BF0459241ACA858AE32 /* Security.framework */,
				0C49B4EEF939434780595002 /* libz.tbd */,
				F71FF8921DA14525951D131C /* UserNotifications.framework */,
				8B458F71E47149FBAF82B9F5 /* libresolv.tbd */,
				D9C0517837DE4C28824FEBFC /* StoreKit.framework */,
				382508D9044F4E7B8C99C905 /* AudioToolbox.framework */,
				9CD46F3ADD1448998A270B7B /* ExternalAccessory.framework */,
				D5F7A8CFF07A4C409129C8BD /* AMapFoundationKit.framework */,
				EDE0152D005248E486BB5019 /* AMapLocationKit.framework */,
				97957697066D449886985C13 /* GLKit.framework */,
			);
			name = Frameworks;
			sourceTree = "<group>";
		};
		301BF52E109A57CC0062928A /* Products */ = {
			isa = PBXGroup;
			children = (
				301BF535109A57CC0062928A /* libCordova.a */,
				907D8124214C687600058A10 /* Cordova.framework */,
			);
			name = Products;
			sourceTree = "<group>";
		};
		3047A50E1AB8057F00498E2A /* config */ = {
			isa = PBXGroup;
			children = (
				3047A50F1AB8059700498E2A /* build-debug.xcconfig */,
				3047A5101AB8059700498E2A /* build-release.xcconfig */,
				3047A5111AB8059700498E2A /* build.xcconfig */,
			);
			name = config;
			sourceTree = "<group>";
		};
		307C750510C5A3420062BCA9 /* Plugins */ = {
			isa = PBXGroup;
			children = (
				F7B2E1B4771745FDB8C3EFBA /* Launcher.m */,
				88375FFBF81F4A2C8378C66E /* Launcher.h */,
				2A934D7B6C544011A64EB859 /* AppVersion.m */,
				940951E5F2674736884F6E8A /* AppVersion.h */,
				10AFA04894B74347B6EADC3E /* BaiduMapLocation.mm */,
				895C92ABFFB14992BC93C7A8 /* BaiduMapLocation.h */,
				FFEE401714BC4B5B86356D93 /* UIImage+CropScaleOrientation.m */,
				473364343E444CA1B8C0A40A /* CDVCamera.m */,
				D6CB52CEAA6E48619ABEF0B2 /* CDVJpegHeaderWriter.m */,
				FAA8351632A54D8B9A5283E7 /* UIImage+CropScaleOrientation.h */,
				7657CA2150164C8BB3AE6062 /* CDVCamera.h */,
				088347825EE04BFC8E665D54 /* CDVJpegHeaderWriter.h */,
				766BC40AFD604F9581FEA1EB /* CDVExif.h */,
				39A3E00C2E144C6ABD49DC2A /* CDVDevice.m */,
				7FD3E0B1225643BDA0D7D5C0 /* CDVDevice.h */,
				84304D9EDF73447ABCA1A5CB /* CDVFile.m */,
				3F832EAB29384122ACCD3A10 /* CDVLocalFilesystem.m */,
				A066CC777A3642FAB5C54F49 /* CDVAssetLibraryFilesystem.m */,
				0C8F8DB47F4F4F9293D9309A /* CDVFile.h */,
				8A54EC1D811349FB91F265FE /* CDVLocalFilesystem.h */,
				3EC2A6ED94CB40E8A8357D95 /* CDVAssetLibraryFilesystem.h */,
				97303D74E4ED4AE5B512EB2E /* FileOpener2.m */,
				546F773DC49A4C899049C64F /* FileOpener2.h */,
				1013C91436B3408087E588E1 /* CDVFileTransfer.m */,
				F3B51889A97A4265B0F510D1 /* CDVFileTransfer.h */,
				545C29245E3E4A33827CF30D /* CDVLocation.m */,
				763E36F67B1E415786E4B756 /* CDVLocation.h */,
				0EF638A1EAD848F0B691DBCE /* ImagePickerMain.m */,
				D84437D24DA84D8FA196B8FA /* UIImage+Luban_iOS_Extension_h.m */,
				6DF84D0A9B4F4173ABC6B16F /* LxGridViewFlowLayout.m */,
				D0EF9448D0904BE2A52DC2C9 /* TZTestCell.m */,
				E0FA986864EB47ADAC48BFCB /* NSBundle+TZImagePicker.m */,
				2FADCFC918D04045AEECF2A3 /* TZAssetCell.m */,
				AF7633ECBB4349E38B0C1763 /* TZAssetModel.m */,
				DAF4C0D397A94328BC5E44AF /* TZGifPhotoPreviewController.m */,
				B4F56143E6494D748BA94A71 /* TZImageCropManager.m */,
				14015C72CFA14596973B0FC5 /* TZImageManager.m */,
				742C8B5D9A10486A9FDD5B67 /* TZImagePickerController.m */,
				83C1C51F7B424E82916A3304 /* TZLocationManager.m */,
				98E8D28AD7F0416EBB2717B0 /* TZPhotoPickerController.m */,
				81AB90418BCA46B198174DB5 /* TZPhotoPreviewCell.m */,
				D0C1DCAD9D724D12986F7D5D /* TZImageRequestOperation.m */,
				D65E1C91662B4CA9BB6C3DAD /* TZPhotoPreviewController.m */,
				93BED9D9CC1A47A18BC3D07E /* TZProgressView.m */,
				4D5D2207ED2E4D9D971C7631 /* TZVideoPlayerController.m */,
				C5F09CCB249642D588644741 /* UIView+Layout.m */,
				A0C1D4DDF0144CE79B2844C1 /* ImagePickerMain.h */,
				2564A46676D04A00A0A0E9B5 /* UIImage+Luban_iOS_Extension_h.h */,
				078B14C1580E4067964CD62B /* LxGridViewFlowLayout.h */,
				6BBEC24FB220415488A94D7B /* TZTestCell.h */,
				02CA44A73CBF43FBA1AB7EC2 /* NSBundle+TZImagePicker.h */,
				857A1BC652ED4BE0A5300AB8 /* TZAssetCell.h */,
				AB46D48DDDDE44F594795A81 /* TZAssetModel.h */,
				464353E05057472AAF8E0021 /* TZGifPhotoPreviewController.h */,
				2C676FE7E4DE4CF8BCB23211 /* TZImageCropManager.h */,
				06C9D88E123B41F8BDBC8E5E /* TZImageManager.h */,
				542A3278CBBF49ADBC0867AE /* TZImagePickerController.h */,
				5556E5417A594C7CAA35660A /* TZLocationManager.h */,
				C75FE2C0F9B1445499396848 /* TZPhotoPickerController.h */,
				FCD5F00E521F4317860FBB9F /* TZPhotoPreviewCell.h */,
				13B5834D9482481FBA973938 /* TZImageRequestOperation.h */,
				0712E40AF15F4550B3419863 /* TZPhotoPreviewController.h */,
				D1C6B3C07E124309A1D5F91C /* TZProgressView.h */,
				30F070D952B04081921D29DF /* TZVideoPlayerController.h */,
				FD69FBE063134E48B0BB54C2 /* UIView+Layout.h */,
				3E404A3BD5CB4A78B623EBED /* CDVInAppBrowserOptions.m */,
				B1906F9A34584BAE9EF6CA60 /* CDVInAppBrowserNavigationController.m */,
				47396A7B09154CFF9ED9F11A /* CDVWKInAppBrowser.m */,
				19757814DBCA4DE99AA6792F /* CDVWKInAppBrowserUIDelegate.m */,
				C5B4B55CB89E45B6A589168A /* CDVInAppBrowserOptions.h */,
				FD160338E54045BA83CCF733 /* CDVInAppBrowserNavigationController.h */,
				DAB5784E774549329742695D /* CDVWKInAppBrowser.h */,
				CE4D49893BD34546B784918E /* CDVWKInAppBrowserUIDelegate.h */,
				8742A25DC5154D7FBB136EAE /* CDVKeyboard.m */,
				347B6B554A5340C48F44317F /* CDVKeyboard.h */,
				25F3B20B8A4648C1A4DBCDCA /* CDVConnection.m */,
				36BD59F4C1754B60AC511678 /* CDVReachability.m */,
				D64FE8F69EF54D2CA17F1926 /* CDVConnection.h */,
				6D8C47CB7D3A413F8AE09ED1 /* CDVReachability.h */,
				1F247745BC0144A49581C9A0 /* CDVSplashScreen.m */,
				7D359EB5AC0049F19F793B10 /* CDVViewController+SplashScreen.m */,
				710D217106F6457FAB84ECA5 /* CDVSplashScreen.h */,
				5155270D666C464B9B08B198 /* CDVViewController+SplashScreen.h */,
				6E1FED408988432F96E31079 /* CDVStatusBar.m */,
				FA1C97C29B084DEE96C9236A /* CDVStatusBar.h */,
				58029FA979E24A159DDCC497 /* CDVWKWebViewEngine.m */,
				D8DAEB2D8AF14A4EB5FB54C3 /* CDVWKWebViewUIDelegate.m */,
				538038158CF84AEA9D4AE146 /* CDVWKProcessPoolFactory.m */,
				08DF8BD609A744CB8A55C6CA /* CDVWKWebViewEngine.h */,
				01329B1AE54F4B4F99706768 /* CDVWKWebViewUIDelegate.h */,
				925601D176DC48FDA62AAE2C /* CDVWKProcessPoolFactory.h */,
				D7646473BB984F3AABBD3856 /* CDVWKWebViewFileXhr.m */,
				0E9D0AD995A9492DA4A9874E /* CDVWKWebViewFileXhr.h */,
				01C74C34F9F1493699AC8459 /* JPushPlugin.m */,
				539AA6EF4562407B9B9D0B75 /* AppDelegate+JPush.m */,
				D9D3C6A510954BF48EEA013D /* JPushDefine.h */,
				757191E4E12D4A71B302A3D6 /* JPushPlugin.h */,
				74F4A7DF28414659A8048BE6 /* AppDelegate+JPush.h */,
				87F57E0AA59E4AFAA633DFBB /* JPUSHService.h */,
				33BDCAB97067463C90840045 /* CDVBarcodeScanner.mm */,
				C7CD360D081C49ABB12DA5AD /* GaoDeLocation.m */,
			);
			name = Plugins;
			path = "智服云/Plugins";
			sourceTree = SOURCE_ROOT;
		};
		EB87FDF11871DA420020F90C /* Staging */ = {
			isa = PBXGroup;
			children = (
				F840E1F0165FE0F500CFE078 /* config.xml */,
				301BF56E109A69640062928A /* www */,
			);
			name = Staging;
			sourceTree = "<group>";
		};
/* End PBXGroup section */

/* Begin PBXNativeTarget section */
		1D6058900D05DD3D006BFB54 /* 智服云 */ = {
			isa = PBXNativeTarget;
			buildConfigurationList = 1D6058960D05DD3E006BFB54 /* Build configuration list for PBXNativeTarget "智服云" */;
			buildPhases = (
				304B58A110DAC018002A0835 /* Copy www directory */,
				1D60588D0D05DD3D006BFB54 /* Resources */,
				1D60588E0D05DD3D006BFB54 /* Sources */,
				1D60588F0D05DD3D006BFB54 /* Frameworks */,
			);
			buildRules = (
			);
			dependencies = (
				301BF551109A68C00062928A /* PBXTargetDependency */,
			);
			name = "智服云";
			productName = "智服云";
			productReference = 1D6058910D05DD3D006BFB54 /* 智服云.app */;
			productType = "com.apple.product-type.application";
		};
/* End PBXNativeTarget section */

/* Begin PBXProject section */
		29B97313FDCFA39411CA2CEA /* Project object */ = {
			isa = PBXProject;
			attributes = {
				LastUpgradeCheck = 510;
				TargetAttributes = {
					1D6058900D05DD3D006BFB54 = {
						DevelopmentTeam = VN2RMKL923;
					};
				};
			};
			buildConfigurationList = C01FCF4E08A954540054247B /* Build configuration list for PBXProject "智服云" */;
			compatibilityVersion = "Xcode 3.2";
			developmentRegion = English;
			hasScannedForEncodings = 1;
			knownRegions = (
				English,
				en,
				Base,
			);
			mainGroup = 29B97314FDCFA39411CA2CEA /* CustomTemplate */;
			projectDirPath = "";
			projectReferences = (
				{
					ProductGroup = 301BF52E109A57CC0062928A /* Products */;
					ProjectRef = 301BF52D109A57CC0062928A /* CordovaLib.xcodeproj */;
				},
			);
			projectRoot = "";
			targets = (
				1D6058900D05DD3D006BFB54 /* 智服云 */,
			);
		};
/* End PBXProject section */

/* Begin PBXReferenceProxy section */
		301BF535109A57CC0062928A /* libCordova.a */ = {
			isa = PBXReferenceProxy;
			fileType = archive.ar;
			path = libCordova.a;
			remoteRef = 301BF534109A57CC0062928A /* PBXContainerItemProxy */;
			sourceTree = BUILT_PRODUCTS_DIR;
		};
		907D8124214C687600058A10 /* Cordova.framework */ = {
			isa = PBXReferenceProxy;
			fileType = wrapper.framework;
			path = Cordova.framework;
			remoteRef = 907D8123214C687600058A10 /* PBXContainerItemProxy */;
			sourceTree = BUILT_PRODUCTS_DIR;
		};
/* End PBXReferenceProxy section */

/* Begin PBXResourcesBuildPhase section */
		1D60588D0D05DD3D006BFB54 /* Resources */ = {
			isa = PBXResourcesBuildPhase;
			buildActionMask = 2147483647;
			files = (
				302D95F214D2391D003F00A1 /* MainViewController.xib in Resources */,
				0207DA581B56EA530066E2B4 /* Images.xcassets in Resources */,
				6AFF5BF91D6E424B00AB3073 /* CDVLaunchScreen.storyboard in Resources */,
				AA7CCEA330CD490E956264F8 /* TZImagePickerController.bundle in Resources */,
				7CCA9B87953541A5AA65AAB3 /* JPushConfig.plist in Resources */,
				BBF31A1218884E9B8E11467F /* scannerOverlay.xib in Resources */,
				2F826C740A8A4047B0F83250 /* CDVBarcodeScanner.bundle in Resources */,
			);
			runOnlyForDeploymentPostprocessing = 0;
		};
/* End PBXResourcesBuildPhase section */

/* Begin PBXShellScriptBuildPhase section */
		304B58A110DAC018002A0835 /* Copy www directory */ = {
			isa = PBXShellScriptBuildPhase;
			buildActionMask = 2147483647;
			files = (
			);
			inputPaths = (
			);
			name = "Copy www directory";
			outputPaths = (
			);
			runOnlyForDeploymentPostprocessing = 0;
			shellPath = /bin/sh;
			shellScript = "\"$SRCROOT/智服云/Scripts/copy-www-build-step.sh\"";
			showEnvVarsInLog = 0;
		};
/* End PBXShellScriptBuildPhase section */

/* Begin PBXSourcesBuildPhase section */
		1D60588E0D05DD3D006BFB54 /* Sources */ = {
			isa = PBXSourcesBuildPhase;
			buildActionMask = 2147483647;
			files = (
				1D60589B0D05DD56006BFB54 /* main.m in Sources */,
				1D3623260D0F684500981E51 /* AppDelegate.m in Sources */,
				302D95F114D2391D003F00A1 /* MainViewController.m in Sources */,
				B1CD090A0CFF449B969F554D /* Launcher.m in Sources */,
				32C87C62806F4379874DAFAA /* AppVersion.m in Sources */,
				FE73354969CA479498FA7E8D /* BaiduMapLocation.mm in Sources */,
				2A1A29161E3646DC80F5A29A /* UIImage+CropScaleOrientation.m in Sources */,
				98C238A05A714C9E9FD1F6E8 /* CDVCamera.m in Sources */,
				5DBF0109FEB742DD89BE7BA4 /* CDVJpegHeaderWriter.m in Sources */,
				8C1E176E0C7D4DF7B460D772 /* CDVDevice.m in Sources */,
				04E70B3195E84812A33585E1 /* CDVFile.m in Sources */,
				1DF41DCFB1CD4F8E8E5FCD5F /* CDVLocalFilesystem.m in Sources */,
				0BA1A3248CAA44A3A95EBAAC /* CDVAssetLibraryFilesystem.m in Sources */,
				1DDA2D896A774C7492607EBE /* FileOpener2.m in Sources */,
				A554A434E2934900B45FF532 /* CDVFileTransfer.m in Sources */,
				AC4AC3F30E004ACCB63D46F5 /* CDVLocation.m in Sources */,
				C450487A399D43349C130873 /* ImagePickerMain.m in Sources */,
				2B3C5958DC3C4B928110D4B8 /* UIImage+Luban_iOS_Extension_h.m in Sources */,
				ADC4EB01554E49419E0A693A /* LxGridViewFlowLayout.m in Sources */,
				9BF18AEF9706497F8FE9AC50 /* TZTestCell.m in Sources */,
				A6317B8B162A41279131A5F9 /* NSBundle+TZImagePicker.m in Sources */,
				CB866337BFC54D3385358B53 /* TZAssetCell.m in Sources */,
				8319D5AD496D4B00BCA47A4B /* TZAssetModel.m in Sources */,
				1B01496FE2884B8A9BDDCBC0 /* TZGifPhotoPreviewController.m in Sources */,
				F52501DF2D53425CA67442C4 /* TZImageCropManager.m in Sources */,
				13A00B57DA6F4317ADC1F86C /* TZImageManager.m in Sources */,
				B8B3F45CD1D246FFAAF9D522 /* TZImagePickerController.m in Sources */,
				E611AF15DAEC4B62A368356A /* TZLocationManager.m in Sources */,
				9D94D2A415FF4AAE965B464F /* TZPhotoPickerController.m in Sources */,
				F50414031487452FBB53C0B1 /* TZPhotoPreviewCell.m in Sources */,
				78A79DDD703445ABAE6D3678 /* TZImageRequestOperation.m in Sources */,
				9E22E4DCCBEA42A3AE5A34AE /* TZPhotoPreviewController.m in Sources */,
				FE52FD1B16974809B68EBB98 /* TZProgressView.m in Sources */,
				08B100B53B6F4BBBB1D39389 /* TZVideoPlayerController.m in Sources */,
				EC4E96EBCCF749A48EC61404 /* UIView+Layout.m in Sources */,
				6DB3DD6FC98B4D19A2069208 /* CDVInAppBrowserOptions.m in Sources */,
				F86D74E7E147490DB9F88068 /* CDVInAppBrowserNavigationController.m in Sources */,
				8EACFA74C6D64F48B72213C8 /* CDVWKInAppBrowser.m in Sources */,
				0044934BE2AD4264A468A71E /* CDVWKInAppBrowserUIDelegate.m in Sources */,
				9F480621752041E89F895D98 /* CDVKeyboard.m in Sources */,
				19DA801B53ED4DBB8A11D28E /* CDVConnection.m in Sources */,
				B20BEEC3443A4E8CAB63BD2D /* CDVReachability.m in Sources */,
				66B048366F6F4DAF8EF7F899 /* CDVSplashScreen.m in Sources */,
				12AAA0017E9248B9B993C5EA /* CDVViewController+SplashScreen.m in Sources */,
				97411E6D1DFC40B1ACD80212 /* CDVStatusBar.m in Sources */,
				C138885552DA42ED855C81A9 /* CDVWKWebViewEngine.m in Sources */,
				E272939A010B4108946A7016 /* CDVWKWebViewUIDelegate.m in Sources */,
				31DC85AF026B472D99C8AAA2 /* CDVWKProcessPoolFactory.m in Sources */,
				0F524213B33C47688DA85E82 /* CDVWKWebViewFileXhr.m in Sources */,
				962185ECD75A45BD8EB76BFB /* JPushPlugin.m in Sources */,
				B8738734B6ED4A8096072012 /* AppDelegate+JPush.m in Sources */,
				AD47FECC349D4E6A8D727145 /* CDVBarcodeScanner.mm in Sources */,
				97710D4CEC924055AB2C3260 /* GaoDeLocation.m in Sources */,
			);
			runOnlyForDeploymentPostprocessing = 0;
		};
/* End PBXSourcesBuildPhase section */

/* Begin PBXTargetDependency section */
		301BF551109A68C00062928A /* PBXTargetDependency */ = {
			isa = PBXTargetDependency;
			name = CordovaLib;
			targetProxy = 301BF550109A68C00062928A /* PBXContainerItemProxy */;
		};
/* End PBXTargetDependency section */

/* Begin XCBuildConfiguration section */
		1D6058940D05DD3E006BFB54 /* Debug */ = {
			isa = XCBuildConfiguration;
			baseConfigurationReference = 3047A50F1AB8059700498E2A /* build-debug.xcconfig */;
			buildSettings = {
				ALWAYS_EMBED_SWIFT_STANDARD_LIBRARIES = YES;
				ALWAYS_SEARCH_USER_PATHS = NO;
				ASSETCATALOG_COMPILER_APPICON_NAME = AppIcon;
				ASSETCATALOG_COMPILER_LAUNCHIMAGE_NAME = LaunchImage;
				CLANG_ENABLE_MODULES = YES;
				CLANG_ENABLE_OBJC_ARC = YES;
				COPY_PHASE_STRIP = NO;
				CURRENT_PROJECT_VERSION = 4.0.1;
				DEVELOPMENT_TEAM = VN2RMKL923;
				FRAMEWORK_SEARCH_PATHS = (
					"$(inherited)",
					"\"智服云/Plugins/cordova-plugin-baidumaplocation\"",
					"\"智服云/Plugins/cordova-plugin-gaodelocation-chenyu\"",
					"\"智服云/Plugins/cordova-plugin-gaodelocation-chenyu\"",
				);
				GCC_DYNAMIC_NO_PIC = NO;
				GCC_OPTIMIZATION_LEVEL = 0;
				GCC_PRECOMPILE_PREFIX_HEADER = YES;
				GCC_PREFIX_HEADER = "智服云/智服云-Prefix.pch";
				GCC_THUMB_SUPPORT = NO;
				GCC_VERSION = "";
				INFOPLIST_FILE = "智服云/智服云-Info.plist";
				IPHONEOS_DEPLOYMENT_TARGET = 10.0;
				LD_RUNPATH_SEARCH_PATHS = "@executable_path/Frameworks";
				LIBRARY_SEARCH_PATHS = (
					"$(inherited)",
					"\"$(SRCROOT)/$(TARGET_NAME)/Plugins/cordova-plugin-baidumaplocation\"",
					"\"$(SRCROOT)/$(TARGET_NAME)/Plugins/cordova-plugin-baidumaplocation\"",
					"\"$(SRCROOT)/$(TARGET_NAME)/Plugins/cordova-plugin-jcore\"",
					"\"$(SRCROOT)/$(TARGET_NAME)/Plugins/jpush-phonegap-plugin\"",
				);
				MARKETING_VERSION = 110901;
				PRODUCT_BUNDLE_IDENTIFIER = com.dxe.zfy;
				PRODUCT_NAME = "$(TARGET_NAME)";
				SWIFT_OBJC_BRIDGING_HEADER = "$(PROJECT_DIR)/$(PROJECT_NAME)/Bridging-Header.h";
				SWIFT_OPTIMIZATION_LEVEL = "-Onone";
				SWIFT_VERSION = 4.0;
				TARGETED_DEVICE_FAMILY = "1,2";
				WK_WEB_VIEW_ONLY = 1;
			};
			name = Debug;
		};
		1D6058950D05DD3E006BFB54 /* Release */ = {
			isa = XCBuildConfiguration;
			baseConfigurationReference = 3047A5101AB8059700498E2A /* build-release.xcconfig */;
			buildSettings = {
				ALWAYS_EMBED_SWIFT_STANDARD_LIBRARIES = YES;
				ALWAYS_SEARCH_USER_PATHS = NO;
				ASSETCATALOG_COMPILER_APPICON_NAME = AppIcon;
				ASSETCATALOG_COMPILER_LAUNCHIMAGE_NAME = LaunchImage;
				CLANG_ENABLE_MODULES = YES;
				CLANG_ENABLE_OBJC_ARC = YES;
				CODE_SIGN_IDENTITY = "Apple Development";
				CODE_SIGN_STYLE = Automatic;
				COPY_PHASE_STRIP = YES;
				CURRENT_PROJECT_VERSION = 4.0.1;
				DEVELOPMENT_TEAM = VN2RMKL923;
				FRAMEWORK_SEARCH_PATHS = (
					"$(inherited)",
					"\"智服云/Plugins/cordova-plugin-baidumaplocation\"",
					"\"智服云/Plugins/cordova-plugin-gaodelocation-chenyu\"",
					"\"智服云/Plugins/cordova-plugin-gaodelocation-chenyu\"",
				);
				GCC_PRECOMPILE_PREFIX_HEADER = YES;
				GCC_PREFIX_HEADER = "智服云/智服云-Prefix.pch";
				GCC_THUMB_SUPPORT = NO;
				GCC_VERSION = "";
				INFOPLIST_FILE = "智服云/智服云-Info.plist";
				IPHONEOS_DEPLOYMENT_TARGET = 10.0;
				LD_RUNPATH_SEARCH_PATHS = "@executable_path/Frameworks";
				LIBRARY_SEARCH_PATHS = (
					"$(inherited)",
					"\"$(SRCROOT)/$(TARGET_NAME)/Plugins/cordova-plugin-baidumaplocation\"",
					"\"$(SRCROOT)/$(TARGET_NAME)/Plugins/cordova-plugin-baidumaplocation\"",
					"\"$(SRCROOT)/$(TARGET_NAME)/Plugins/cordova-plugin-jcore\"",
					"\"$(SRCROOT)/$(TARGET_NAME)/Plugins/jpush-phonegap-plugin\"",
				);
				MARKETING_VERSION = 110901;
				PRODUCT_BUNDLE_IDENTIFIER = com.dxe.zfy;
				PRODUCT_NAME = "$(TARGET_NAME)";
				PROVISIONING_PROFILE_SPECIFIER = "";
				SWIFT_OBJC_BRIDGING_HEADER = "$(PROJECT_DIR)/$(PROJECT_NAME)/Bridging-Header.h";
				SWIFT_VERSION = 4.0;
				TARGETED_DEVICE_FAMILY = "1,2";
				WK_WEB_VIEW_ONLY = 1;
			};
			name = Release;
		};
		C01FCF4F08A954540054247B /* Debug */ = {
			isa = XCBuildConfiguration;
			baseConfigurationReference = 3047A5111AB8059700498E2A /* build.xcconfig */;
			buildSettings = {
				ALWAYS_EMBED_SWIFT_STANDARD_LIBRARIES = YES;
				ASSETCATALOG_COMPILER_LAUNCHIMAGE_NAME = LaunchImage;
				CLANG_ENABLE_MODULES = YES;
				CLANG_ENABLE_OBJC_ARC = YES;
				CLANG_WARN_BLOCK_CAPTURE_AUTORELEASING = YES;
				CLANG_WARN_BOOL_CONVERSION = YES;
				CLANG_WARN_COMMA = YES;
				CLANG_WARN_CONSTANT_CONVERSION = YES;
				CLANG_WARN_DEPRECATED_OBJC_IMPLEMENTATIONS = YES;
				CLANG_WARN_EMPTY_BODY = YES;
				CLANG_WARN_ENUM_CONVERSION = YES;
				CLANG_WARN_INFINITE_RECURSION = YES;
				CLANG_WARN_INT_CONVERSION = YES;
				CLANG_WARN_NON_LITERAL_NULL_CONVERSION = YES;
				CLANG_WARN_OBJC_IMPLICIT_RETAIN_SELF = YES;
				CLANG_WARN_OBJC_LITERAL_CONVERSION = YES;
				CLANG_WARN_RANGE_LOOP_ANALYSIS = YES;
				CLANG_WARN_STRICT_PROTOTYPES = YES;
				CLANG_WARN_SUSPICIOUS_MOVE = YES;
				CLANG_WARN_UNREACHABLE_CODE = YES;
				CLANG_WARN__DUPLICATE_METHOD_MATCH = YES;
				ENABLE_STRICT_OBJC_MSGSEND = YES;
				ENABLE_TESTABILITY = YES;
				GCC_C_LANGUAGE_STANDARD = c99;
				GCC_NO_COMMON_BLOCKS = YES;
				GCC_THUMB_SUPPORT = NO;
				GCC_VERSION = "";
				GCC_WARN_64_TO_32_BIT_CONVERSION = YES;
				GCC_WARN_ABOUT_RETURN_TYPE = YES;
				GCC_WARN_UNDECLARED_SELECTOR = YES;
				GCC_WARN_UNINITIALIZED_AUTOS = YES;
				GCC_WARN_UNUSED_FUNCTION = YES;
				GCC_WARN_UNUSED_VARIABLE = YES;
				ONLY_ACTIVE_ARCH = YES;
				PRODUCT_BUNDLE_IDENTIFIER = com.dxe.dd;
				SDKROOT = iphoneos;
				SKIP_INSTALL = NO;
				SWIFT_OBJC_BRIDGING_HEADER = "$(PROJECT_DIR)/$(PROJECT_NAME)/Bridging-Header.h";
				SWIFT_OPTIMIZATION_LEVEL = "-Onone";
				SWIFT_VERSION = 4.0;
				WK_WEB_VIEW_ONLY = 1;
			};
			name = Debug;
		};
		C01FCF5008A954540054247B /* Release */ = {
			isa = XCBuildConfiguration;
			baseConfigurationReference = 3047A5111AB8059700498E2A /* build.xcconfig */;
			buildSettings = {
				ALWAYS_EMBED_SWIFT_STANDARD_LIBRARIES = YES;
				ASSETCATALOG_COMPILER_LAUNCHIMAGE_NAME = LaunchImage;
				CLANG_ENABLE_MODULES = YES;
				CLANG_ENABLE_OBJC_ARC = YES;
				CLANG_WARN_BLOCK_CAPTURE_AUTORELEASING = YES;
				CLANG_WARN_BOOL_CONVERSION = YES;
				CLANG_WARN_COMMA = YES;
				CLANG_WARN_CONSTANT_CONVERSION = YES;
				CLANG_WARN_DEPRECATED_OBJC_IMPLEMENTATIONS = YES;
				CLANG_WARN_EMPTY_BODY = YES;
				CLANG_WARN_ENUM_CONVERSION = YES;
				CLANG_WARN_INFINITE_RECURSION = YES;
				CLANG_WARN_INT_CONVERSION = YES;
				CLANG_WARN_NON_LITERAL_NULL_CONVERSION = YES;
				CLANG_WARN_OBJC_IMPLICIT_RETAIN_SELF = YES;
				CLANG_WARN_OBJC_LITERAL_CONVERSION = YES;
				CLANG_WARN_RANGE_LOOP_ANALYSIS = YES;
				CLANG_WARN_STRICT_PROTOTYPES = YES;
				CLANG_WARN_SUSPICIOUS_MOVE = YES;
				CLANG_WARN_UNREACHABLE_CODE = YES;
				CLANG_WARN__DUPLICATE_METHOD_MATCH = YES;
				ENABLE_STRICT_OBJC_MSGSEND = YES;
				GCC_C_LANGUAGE_STANDARD = c99;
				GCC_NO_COMMON_BLOCKS = YES;
				GCC_THUMB_SUPPORT = NO;
				GCC_VERSION = "";
				GCC_WARN_64_TO_32_BIT_CONVERSION = YES;
				GCC_WARN_ABOUT_RETURN_TYPE = YES;
				GCC_WARN_UNDECLARED_SELECTOR = YES;
				GCC_WARN_UNINITIALIZED_AUTOS = YES;
				GCC_WARN_UNUSED_FUNCTION = YES;
				GCC_WARN_UNUSED_VARIABLE = YES;
				PRODUCT_BUNDLE_IDENTIFIER = com.dxe.dd;
				SDKROOT = iphoneos;
				SKIP_INSTALL = NO;
				SWIFT_OBJC_BRIDGING_HEADER = "$(PROJECT_DIR)/$(PROJECT_NAME)/Bridging-Header.h";
				SWIFT_VERSION = 4.0;
				WK_WEB_VIEW_ONLY = 1;
			};
			name = Release;
		};
/* End XCBuildConfiguration section */

/* Begin XCConfigurationList section */
		1D6058960D05DD3E006BFB54 /* Build configuration list for PBXNativeTarget "智服云" */ = {
			isa = XCConfigurationList;
			buildConfigurations = (
				1D6058940D05DD3E006BFB54 /* Debug */,
				1D6058950D05DD3E006BFB54 /* Release */,
			);
			defaultConfigurationIsVisible = 0;
			defaultConfigurationName = Release;
		};
		C01FCF4E08A954540054247B /* Build configuration list for PBXProject "智服云" */ = {
			isa = XCConfigurationList;
			buildConfigurations = (
				C01FCF4F08A954540054247B /* Debug */,
				C01FCF5008A954540054247B /* Release */,
			);
			defaultConfigurationIsVisible = 0;
			defaultConfigurationName = Release;
		};
/* End XCConfigurationList section */
	};
	rootObject = 29B97313FDCFA39411CA2CEA /* Project object */;
}
